
Microsoft Visual Studio Solution File, Format Version 12.00
# Visual Studio 14
VisualStudioVersion = 14.0.25420.1
MinimumVisualStudioVersion = 10.0.40219.1
Project("{FAE04EC0-301F-11D3-BF4B-00C04F79EFBC}") = "RXQuestServer", "RXQuestServer\RXQuestServer.csproj", "{1492CAB4-375D-4534-9FE9-807C4D318E2D}"
EndProject
Project("{FAE04EC0-301F-11D3-BF4B-00C04F79EFBC}") = "PLCConnectionCenter", "PLCConnectionCenter\PLCConnectionCenter.csproj", "{7A3AE3A3-03E3-4090-A9CB-E9F7F7961D82}"
EndProject
Project("{FAE04EC0-301F-11D3-BF4B-00C04F79EFBC}") = "OcrCenter", "OcrCenter\OcrCenter.csproj", "{ED1B3AD1-9387-4C6E-85F1-581991DA347A}"
EndProject
Project("{FAE04EC0-301F-11D3-BF4B-00C04F79EFBC}") = "ProgrameSetup", "ProgrameSetup\ProgrameSetup.csproj", "{36E2BF07-A1FC-4752-88B5-61D11EA3C8B0}"
EndProject
Global
	GlobalSection(SolutionConfigurationPlatforms) = preSolution
		Debug|Any CPU = Debug|Any CPU
		Release|Any CPU = Release|Any CPU
	EndGlobalSection
	GlobalSection(ProjectConfigurationPlatforms) = postSolution
		{1492CAB4-375D-4534-9FE9-807C4D318E2D}.Debug|Any CPU.ActiveCfg = Debug|Any CPU
		{1492CAB4-375D-4534-9FE9-807C4D318E2D}.Debug|Any CPU.Build.0 = Debug|Any CPU
		{1492CAB4-375D-4534-9FE9-807C4D318E2D}.Release|Any CPU.ActiveCfg = Release|Any CPU
		{1492CAB4-375D-4534-9FE9-807C4D318E2D}.Release|Any CPU.Build.0 = Release|Any CPU
		{7A3AE3A3-03E3-4090-A9CB-E9F7F7961D82}.Debug|Any CPU.ActiveCfg = Debug|Any CPU
		{7A3AE3A3-03E3-4090-A9CB-E9F7F7961D82}.Debug|Any CPU.Build.0 = Debug|Any CPU
		{7A3AE3A3-03E3-4090-A9CB-E9F7F7961D82}.Release|Any CPU.ActiveCfg = Release|Any CPU
		{7A3AE3A3-03E3-4090-A9CB-E9F7F7961D82}.Release|Any CPU.Build.0 = Release|Any CPU
		{ED1B3AD1-9387-4C6E-85F1-581991DA347A}.Debug|Any CPU.ActiveCfg = Debug|Any CPU
		{ED1B3AD1-9387-4C6E-85F1-581991DA347A}.Debug|Any CPU.Build.0 = Debug|Any CPU
		{ED1B3AD1-9387-4C6E-85F1-581991DA347A}.Release|Any CPU.ActiveCfg = Release|Any CPU
		{ED1B3AD1-9387-4C6E-85F1-581991DA347A}.Release|Any CPU.Build.0 = Release|Any CPU
		{36E2BF07-A1FC-4752-88B5-61D11EA3C8B0}.Debug|Any CPU.ActiveCfg = Debug|Any CPU
		{36E2BF07-A1FC-4752-88B5-61D11EA3C8B0}.Debug|Any CPU.Build.0 = Debug|Any CPU
		{36E2BF07-A1FC-4752-88B5-61D11EA3C8B0}.Release|Any CPU.ActiveCfg = Release|Any CPU
		{36E2BF07-A1FC-4752-88B5-61D11EA3C8B0}.Release|Any CPU.Build.0 = Release|Any CPU
	EndGlobalSection
	GlobalSection(SolutionProperties) = preSolution
		HideSolutionNode = FALSE
	EndGlobalSection
EndGlobal
