
Microsoft Visual Studio Solution File, Format Version 12.00
# Visual Studio Version 16
VisualStudioVersion = 16.0.30320.27
MinimumVisualStudioVersion = 10.0.40219.1
Project("{FAE04EC0-301F-11D3-BF4B-00C04F79EFBC}") = "RXQuestServer", "RXQuestServer\RXQuestServer.csproj", "{1492CAB4-375D-4534-9FE9-807C4D318E2D}"
EndProject
Project("{FAE04EC0-301F-11D3-BF4B-00C04F79EFBC}") = "OcrCenter", "OcrCenter\OcrCenter.csproj", "{ED1B3AD1-9387-4C6E-85F1-581991DA347A}"
EndProject
Project("{FAE04EC0-301F-11D3-BF4B-00C04F79EFBC}") = "Tecnomatix", "Tecnomatix\Tecnomatix.csproj", "{8EC12E72-57C0-447D-95E5-BBE6AFA9EA4F}"
EndProject
Project("{FAE04EC0-301F-11D3-BF4B-00C04F79EFBC}") = "WorkOffice", "WorkOffice\WorkOffice.csproj", "{6461FA13-A5E0-40DB-A2C5-BB5E4CD4DA2D}"
EndProject
Project("{FAE04EC0-301F-11D3-BF4B-00C04F79EFBC}") = "YeccAutoCenter", "YeccAutoCenter\YeccAutoCenter.csproj", "{43A8CC55-556B-463C-8EE6-CEAC2A0B6B91}"
EndProject
Project("{FAE04EC0-301F-11D3-BF4B-00C04F79EFBC}") = "Yeknowledge", "Yeknowledge\Yeknowledge.csproj", "{563F3277-4F97-4493-9FAD-69AB1940DE67}"
EndProject
Project("{2150E333-8FDC-42A3-9474-1A3956D46DE8}") = "Ico", "Ico", "{8729CD37-266F-4CC2-8E33-E79D22713E24}"
	ProjectSection(SolutionItems) = preProject
		C:\Users\Administrator\Documents\Axialis Librarian\Icons\Free\Ribbon Basic\Add.ico = C:\Users\Administrator\Documents\Axialis Librarian\Icons\Free\Ribbon Basic\Add.ico
		C:\Users\Administrator\Documents\Axialis Librarian\Icons\Free\Ribbon Basic\Add_button.ico = C:\Users\Administrator\Documents\Axialis Librarian\Icons\Free\Ribbon Basic\Add_button.ico
		C:\Users\Administrator\Documents\Axialis Librarian\Icons\Free\Ribbon Basic\Address_book.ico = C:\Users\Administrator\Documents\Axialis Librarian\Icons\Free\Ribbon Basic\Address_book.ico
		C:\Users\Administrator\Documents\Axialis Librarian\Icons\Free\Ribbon Basic\Alarm.ico = C:\Users\Administrator\Documents\Axialis Librarian\Icons\Free\Ribbon Basic\Alarm.ico
		C:\Users\Administrator\Documents\Axialis Librarian\Icons\Free\Ribbon Basic\Application.ico = C:\Users\Administrator\Documents\Axialis Librarian\Icons\Free\Ribbon Basic\Application.ico
		C:\Users\Administrator\Documents\Axialis Librarian\Icons\Free\Ribbon Basic\Archive.ico = C:\Users\Administrator\Documents\Axialis Librarian\Icons\Free\Ribbon Basic\Archive.ico
		C:\Users\Administrator\Documents\Axialis Librarian\Icons\Free\Ribbon Basic\Arrow_down.ico = C:\Users\Administrator\Documents\Axialis Librarian\Icons\Free\Ribbon Basic\Arrow_down.ico
		C:\Users\Administrator\Documents\Axialis Librarian\Icons\Free\Ribbon Basic\Arrow_download.ico = C:\Users\Administrator\Documents\Axialis Librarian\Icons\Free\Ribbon Basic\Arrow_download.ico
		C:\Users\Administrator\Documents\Axialis Librarian\Icons\Free\Ribbon Basic\Arrow_left.ico = C:\Users\Administrator\Documents\Axialis Librarian\Icons\Free\Ribbon Basic\Arrow_left.ico
		C:\Users\Administrator\Documents\Axialis Librarian\Icons\Free\Ribbon Basic\Arrow_right.ico = C:\Users\Administrator\Documents\Axialis Librarian\Icons\Free\Ribbon Basic\Arrow_right.ico
		C:\Users\Administrator\Documents\Axialis Librarian\Icons\Free\Ribbon Basic\Arrow_up.ico = C:\Users\Administrator\Documents\Axialis Librarian\Icons\Free\Ribbon Basic\Arrow_up.ico
		C:\Users\Administrator\Documents\Axialis Librarian\Icons\Free\Ribbon Basic\Arrow_upload.ico = C:\Users\Administrator\Documents\Axialis Librarian\Icons\Free\Ribbon Basic\Arrow_upload.ico
		C:\Users\Administrator\Documents\Axialis Librarian\Icons\Free\Ribbon Basic\Attach.ico = C:\Users\Administrator\Documents\Axialis Librarian\Icons\Free\Ribbon Basic\Attach.ico
		C:\Users\Administrator\Documents\Axialis Librarian\Icons\Free\Ribbon Basic\Bin.ico = C:\Users\Administrator\Documents\Axialis Librarian\Icons\Free\Ribbon Basic\Bin.ico
		C:\Users\Administrator\Documents\Axialis Librarian\Icons\Free\Ribbon Basic\Bin_full.ico = C:\Users\Administrator\Documents\Axialis Librarian\Icons\Free\Ribbon Basic\Bin_full.ico
		C:\Users\Administrator\Documents\Axialis Librarian\Icons\Free\Ribbon Basic\Book.ico = C:\Users\Administrator\Documents\Axialis Librarian\Icons\Free\Ribbon Basic\Book.ico
		C:\Users\Administrator\Documents\Axialis Librarian\Icons\Free\Ribbon Basic\Book_open.ico = C:\Users\Administrator\Documents\Axialis Librarian\Icons\Free\Ribbon Basic\Book_open.ico
		C:\Users\Administrator\Documents\Axialis Librarian\Icons\Free\Ribbon Basic\Bookmark.ico = C:\Users\Administrator\Documents\Axialis Librarian\Icons\Free\Ribbon Basic\Bookmark.ico
		C:\Users\Administrator\Documents\Axialis Librarian\Icons\Free\Ribbon Basic\Burn.ico = C:\Users\Administrator\Documents\Axialis Librarian\Icons\Free\Ribbon Basic\Burn.ico
		C:\Users\Administrator\Documents\Axialis Librarian\Icons\Free\Ribbon Basic\Calc.ico = C:\Users\Administrator\Documents\Axialis Librarian\Icons\Free\Ribbon Basic\Calc.ico
		C:\Users\Administrator\Documents\Axialis Librarian\Icons\Free\Ribbon Basic\Calendar.ico = C:\Users\Administrator\Documents\Axialis Librarian\Icons\Free\Ribbon Basic\Calendar.ico
		C:\Users\Administrator\Documents\Axialis Librarian\Icons\Free\Ribbon Basic\Calendar2.ico = C:\Users\Administrator\Documents\Axialis Librarian\Icons\Free\Ribbon Basic\Calendar2.ico
		C:\Users\Administrator\Documents\Axialis Librarian\Icons\Free\Ribbon Basic\Calendar_selection.ico = C:\Users\Administrator\Documents\Axialis Librarian\Icons\Free\Ribbon Basic\Calendar_selection.ico
		C:\Users\Administrator\Documents\Axialis Librarian\Icons\Free\Ribbon Basic\Calendar_selection_day.ico = C:\Users\Administrator\Documents\Axialis Librarian\Icons\Free\Ribbon Basic\Calendar_selection_day.ico
		C:\Users\Administrator\Documents\Axialis Librarian\Icons\Free\Ribbon Basic\Calendar_selection_month.ico = C:\Users\Administrator\Documents\Axialis Librarian\Icons\Free\Ribbon Basic\Calendar_selection_month.ico
		C:\Users\Administrator\Documents\Axialis Librarian\Icons\Free\Ribbon Basic\Calendar_selection_week.ico = C:\Users\Administrator\Documents\Axialis Librarian\Icons\Free\Ribbon Basic\Calendar_selection_week.ico
		C:\Users\Administrator\Documents\Axialis Librarian\Icons\Free\Ribbon Basic\Cancel.ico = C:\Users\Administrator\Documents\Axialis Librarian\Icons\Free\Ribbon Basic\Cancel.ico
		C:\Users\Administrator\Documents\Axialis Librarian\Icons\Free\Ribbon Basic\Clip_copy.ico = C:\Users\Administrator\Documents\Axialis Librarian\Icons\Free\Ribbon Basic\Clip_copy.ico
		C:\Users\Administrator\Documents\Axialis Librarian\Icons\Free\Ribbon Basic\Clip_cut.ico = C:\Users\Administrator\Documents\Axialis Librarian\Icons\Free\Ribbon Basic\Clip_cut.ico
		C:\Users\Administrator\Documents\Axialis Librarian\Icons\Free\Ribbon Basic\Clip_paste.ico = C:\Users\Administrator\Documents\Axialis Librarian\Icons\Free\Ribbon Basic\Clip_paste.ico
		C:\Users\Administrator\Documents\Axialis Librarian\Icons\Free\Ribbon Basic\Clock.ico = C:\Users\Administrator\Documents\Axialis Librarian\Icons\Free\Ribbon Basic\Clock.ico
		C:\Users\Administrator\Documents\Axialis Librarian\Icons\Free\Ribbon Basic\Close.ico = C:\Users\Administrator\Documents\Axialis Librarian\Icons\Free\Ribbon Basic\Close.ico
		C:\Users\Administrator\Documents\Axialis Librarian\Icons\Free\Ribbon Basic\Close_all.ico = C:\Users\Administrator\Documents\Axialis Librarian\Icons\Free\Ribbon Basic\Close_all.ico
		C:\Users\Administrator\Documents\Axialis Librarian\Icons\Free\Ribbon Basic\Comment.ico = C:\Users\Administrator\Documents\Axialis Librarian\Icons\Free\Ribbon Basic\Comment.ico
		C:\Users\Administrator\Documents\Axialis Librarian\Icons\Free\Ribbon Basic\Computer.ico = C:\Users\Administrator\Documents\Axialis Librarian\Icons\Free\Ribbon Basic\Computer.ico
		C:\Users\Administrator\Documents\Axialis Librarian\Icons\Free\Ribbon Basic\Computer_browse.ico = C:\Users\Administrator\Documents\Axialis Librarian\Icons\Free\Ribbon Basic\Computer_browse.ico
		C:\Users\Administrator\Documents\Axialis Librarian\Icons\Free\Ribbon Basic\Computers.ico = C:\Users\Administrator\Documents\Axialis Librarian\Icons\Free\Ribbon Basic\Computers.ico
		C:\Users\Administrator\Documents\Axialis Librarian\Icons\Free\Ribbon Basic\Database.ico = C:\Users\Administrator\Documents\Axialis Librarian\Icons\Free\Ribbon Basic\Database.ico
		C:\Users\Administrator\Documents\Axialis Librarian\Icons\Free\Ribbon Basic\Delete.ico = C:\Users\Administrator\Documents\Axialis Librarian\Icons\Free\Ribbon Basic\Delete.ico
		C:\Users\Administrator\Documents\Axialis Librarian\Icons\Free\Ribbon Basic\Delete_button.ico = C:\Users\Administrator\Documents\Axialis Librarian\Icons\Free\Ribbon Basic\Delete_button.ico
		C:\Users\Administrator\Documents\Axialis Librarian\Icons\Free\Ribbon Basic\Document.ico = C:\Users\Administrator\Documents\Axialis Librarian\Icons\Free\Ribbon Basic\Document.ico
		C:\Users\Administrator\Documents\Axialis Librarian\Icons\Free\Ribbon Basic\Document_calculus.ico = C:\Users\Administrator\Documents\Axialis Librarian\Icons\Free\Ribbon Basic\Document_calculus.ico
		C:\Users\Administrator\Documents\Axialis Librarian\Icons\Free\Ribbon Basic\Document_chart.ico = C:\Users\Administrator\Documents\Axialis Librarian\Icons\Free\Ribbon Basic\Document_chart.ico
		C:\Users\Administrator\Documents\Axialis Librarian\Icons\Free\Ribbon Basic\Document_color_blue.ico = C:\Users\Administrator\Documents\Axialis Librarian\Icons\Free\Ribbon Basic\Document_color_blue.ico
		C:\Users\Administrator\Documents\Axialis Librarian\Icons\Free\Ribbon Basic\Document_color_green.ico = C:\Users\Administrator\Documents\Axialis Librarian\Icons\Free\Ribbon Basic\Document_color_green.ico
		C:\Users\Administrator\Documents\Axialis Librarian\Icons\Free\Ribbon Basic\Document_color_red.ico = C:\Users\Administrator\Documents\Axialis Librarian\Icons\Free\Ribbon Basic\Document_color_red.ico
		C:\Users\Administrator\Documents\Axialis Librarian\Icons\Free\Ribbon Basic\Document_flat.ico = C:\Users\Administrator\Documents\Axialis Librarian\Icons\Free\Ribbon Basic\Document_flat.ico
		C:\Users\Administrator\Documents\Axialis Librarian\Icons\Free\Ribbon Basic\Document_font.ico = C:\Users\Administrator\Documents\Axialis Librarian\Icons\Free\Ribbon Basic\Document_font.ico
		C:\Users\Administrator\Documents\Axialis Librarian\Icons\Free\Ribbon Basic\Document_landscape.ico = C:\Users\Administrator\Documents\Axialis Librarian\Icons\Free\Ribbon Basic\Document_landscape.ico
		C:\Users\Administrator\Documents\Axialis Librarian\Icons\Free\Ribbon Basic\Document_note.ico = C:\Users\Administrator\Documents\Axialis Librarian\Icons\Free\Ribbon Basic\Document_note.ico
		C:\Users\Administrator\Documents\Axialis Librarian\Icons\Free\Ribbon Basic\Document_refresh.ico = C:\Users\Administrator\Documents\Axialis Librarian\Icons\Free\Ribbon Basic\Document_refresh.ico
		C:\Users\Administrator\Documents\Axialis Librarian\Icons\Free\Ribbon Basic\Document_small.ico = C:\Users\Administrator\Documents\Axialis Librarian\Icons\Free\Ribbon Basic\Document_small.ico
		C:\Users\Administrator\Documents\Axialis Librarian\Icons\Free\Ribbon Basic\Document_spreadsheet.ico = C:\Users\Administrator\Documents\Axialis Librarian\Icons\Free\Ribbon Basic\Document_spreadsheet.ico
		C:\Users\Administrator\Documents\Axialis Librarian\Icons\Free\Ribbon Basic\Document_stack.ico = C:\Users\Administrator\Documents\Axialis Librarian\Icons\Free\Ribbon Basic\Document_stack.ico
		C:\Users\Administrator\Documents\Axialis Librarian\Icons\Free\Ribbon Basic\Document_text.ico = C:\Users\Administrator\Documents\Axialis Librarian\Icons\Free\Ribbon Basic\Document_text.ico
		C:\Users\Administrator\Documents\Axialis Librarian\Icons\Free\Ribbon Basic\Document_text_image.ico = C:\Users\Administrator\Documents\Axialis Librarian\Icons\Free\Ribbon Basic\Document_text_image.ico
		C:\Users\Administrator\Documents\Axialis Librarian\Icons\Free\Ribbon Basic\Download.ico = C:\Users\Administrator\Documents\Axialis Librarian\Icons\Free\Ribbon Basic\Download.ico
		C:\Users\Administrator\Documents\Axialis Librarian\Icons\Free\Ribbon Basic\Email.ico = C:\Users\Administrator\Documents\Axialis Librarian\Icons\Free\Ribbon Basic\Email.ico
		C:\Users\Administrator\Documents\Axialis Librarian\Icons\Free\Ribbon Basic\Execute.ico = C:\Users\Administrator\Documents\Axialis Librarian\Icons\Free\Ribbon Basic\Execute.ico
		C:\Users\Administrator\Documents\Axialis Librarian\Icons\Free\Ribbon Basic\Favorite.ico = C:\Users\Administrator\Documents\Axialis Librarian\Icons\Free\Ribbon Basic\Favorite.ico
		C:\Users\Administrator\Documents\Axialis Librarian\Icons\Free\Ribbon Basic\Favorite2.ico = C:\Users\Administrator\Documents\Axialis Librarian\Icons\Free\Ribbon Basic\Favorite2.ico
		C:\Users\Administrator\Documents\Axialis Librarian\Icons\Free\Ribbon Basic\Filter.ico = C:\Users\Administrator\Documents\Axialis Librarian\Icons\Free\Ribbon Basic\Filter.ico
		C:\Users\Administrator\Documents\Axialis Librarian\Icons\Free\Ribbon Basic\Find.ico = C:\Users\Administrator\Documents\Axialis Librarian\Icons\Free\Ribbon Basic\Find.ico
		C:\Users\Administrator\Documents\Axialis Librarian\Icons\Free\Ribbon Basic\Flag_blue.ico = C:\Users\Administrator\Documents\Axialis Librarian\Icons\Free\Ribbon Basic\Flag_blue.ico
		C:\Users\Administrator\Documents\Axialis Librarian\Icons\Free\Ribbon Basic\Flag_green.ico = C:\Users\Administrator\Documents\Axialis Librarian\Icons\Free\Ribbon Basic\Flag_green.ico
		C:\Users\Administrator\Documents\Axialis Librarian\Icons\Free\Ribbon Basic\Flag_red.ico = C:\Users\Administrator\Documents\Axialis Librarian\Icons\Free\Ribbon Basic\Flag_red.ico
		C:\Users\Administrator\Documents\Axialis Librarian\Icons\Free\Ribbon Basic\Folder.ico = C:\Users\Administrator\Documents\Axialis Librarian\Icons\Free\Ribbon Basic\Folder.ico
		C:\Users\Administrator\Documents\Axialis Librarian\Icons\Free\Ribbon Basic\Folder_browse.ico = C:\Users\Administrator\Documents\Axialis Librarian\Icons\Free\Ribbon Basic\Folder_browse.ico
		C:\Users\Administrator\Documents\Axialis Librarian\Icons\Free\Ribbon Basic\Folder_open.ico = C:\Users\Administrator\Documents\Axialis Librarian\Icons\Free\Ribbon Basic\Folder_open.ico
		C:\Users\Administrator\Documents\Axialis Librarian\Icons\Free\Ribbon Basic\Folder_small.ico = C:\Users\Administrator\Documents\Axialis Librarian\Icons\Free\Ribbon Basic\Folder_small.ico
		C:\Users\Administrator\Documents\Axialis Librarian\Icons\Free\Ribbon Basic\Folder_up.ico = C:\Users\Administrator\Documents\Axialis Librarian\Icons\Free\Ribbon Basic\Folder_up.ico
		C:\Users\Administrator\Documents\Axialis Librarian\Icons\Free\Ribbon Basic\Font.ico = C:\Users\Administrator\Documents\Axialis Librarian\Icons\Free\Ribbon Basic\Font.ico
		C:\Users\Administrator\Documents\Axialis Librarian\Icons\Free\Ribbon Basic\Full_screen.ico = C:\Users\Administrator\Documents\Axialis Librarian\Icons\Free\Ribbon Basic\Full_screen.ico
		C:\Users\Administrator\Documents\Axialis Librarian\Icons\Free\Ribbon Basic\Full_screen2.ico = C:\Users\Administrator\Documents\Axialis Librarian\Icons\Free\Ribbon Basic\Full_screen2.ico
		C:\Users\Administrator\Documents\Axialis Librarian\Icons\Free\Ribbon Basic\Games.ico = C:\Users\Administrator\Documents\Axialis Librarian\Icons\Free\Ribbon Basic\Games.ico
		C:\Users\Administrator\Documents\Axialis Librarian\Icons\Free\Ribbon Basic\Gear.ico = C:\Users\Administrator\Documents\Axialis Librarian\Icons\Free\Ribbon Basic\Gear.ico
		C:\Users\Administrator\Documents\Axialis Librarian\Icons\Free\Ribbon Basic\Globe.ico = C:\Users\Administrator\Documents\Axialis Librarian\Icons\Free\Ribbon Basic\Globe.ico
		C:\Users\Administrator\Documents\Axialis Librarian\Icons\Free\Ribbon Basic\Globe_browse.ico = C:\Users\Administrator\Documents\Axialis Librarian\Icons\Free\Ribbon Basic\Globe_browse.ico
		C:\Users\Administrator\Documents\Axialis Librarian\Icons\Free\Ribbon Basic\Hard_disk.ico = C:\Users\Administrator\Documents\Axialis Librarian\Icons\Free\Ribbon Basic\Hard_disk.ico
		C:\Users\Administrator\Documents\Axialis Librarian\Icons\Free\Ribbon Basic\Health.ico = C:\Users\Administrator\Documents\Axialis Librarian\Icons\Free\Ribbon Basic\Health.ico
		C:\Users\Administrator\Documents\Axialis Librarian\Icons\Free\Ribbon Basic\Help.ico = C:\Users\Administrator\Documents\Axialis Librarian\Icons\Free\Ribbon Basic\Help.ico
		C:\Users\Administrator\Documents\Axialis Librarian\Icons\Free\Ribbon Basic\Help2.ico = C:\Users\Administrator\Documents\Axialis Librarian\Icons\Free\Ribbon Basic\Help2.ico
		C:\Users\Administrator\Documents\Axialis Librarian\Icons\Free\Ribbon Basic\History.ico = C:\Users\Administrator\Documents\Axialis Librarian\Icons\Free\Ribbon Basic\History.ico
		C:\Users\Administrator\Documents\Axialis Librarian\Icons\Free\Ribbon Basic\Home.ico = C:\Users\Administrator\Documents\Axialis Librarian\Icons\Free\Ribbon Basic\Home.ico
		C:\Users\Administrator\Documents\Axialis Librarian\Icons\Free\Ribbon Basic\Info.ico = C:\Users\Administrator\Documents\Axialis Librarian\Icons\Free\Ribbon Basic\Info.ico
		C:\Users\Administrator\Documents\Axialis Librarian\Icons\Free\Ribbon Basic\Install.ico = C:\Users\Administrator\Documents\Axialis Librarian\Icons\Free\Ribbon Basic\Install.ico
		C:\Users\Administrator\Documents\Axialis Librarian\Icons\Free\Ribbon Basic\Internet.ico = C:\Users\Administrator\Documents\Axialis Librarian\Icons\Free\Ribbon Basic\Internet.ico
		C:\Users\Administrator\Documents\Axialis Librarian\Icons\Free\Ribbon Basic\Internet_browse.ico = C:\Users\Administrator\Documents\Axialis Librarian\Icons\Free\Ribbon Basic\Internet_browse.ico
		C:\Users\Administrator\Documents\Axialis Librarian\Icons\Free\Ribbon Basic\Key.ico = C:\Users\Administrator\Documents\Axialis Librarian\Icons\Free\Ribbon Basic\Key.ico
		C:\Users\Administrator\Documents\Axialis Librarian\Icons\Free\Ribbon Basic\Light_off.ico = C:\Users\Administrator\Documents\Axialis Librarian\Icons\Free\Ribbon Basic\Light_off.ico
		C:\Users\Administrator\Documents\Axialis Librarian\Icons\Free\Ribbon Basic\Light_on.ico = C:\Users\Administrator\Documents\Axialis Librarian\Icons\Free\Ribbon Basic\Light_on.ico
		C:\Users\Administrator\Documents\Axialis Librarian\Icons\Free\Ribbon Basic\Link.ico = C:\Users\Administrator\Documents\Axialis Librarian\Icons\Free\Ribbon Basic\Link.ico
		C:\Users\Administrator\Documents\Axialis Librarian\Icons\Free\Ribbon Basic\List.ico = C:\Users\Administrator\Documents\Axialis Librarian\Icons\Free\Ribbon Basic\List.ico
		C:\Users\Administrator\Documents\Axialis Librarian\Icons\Free\Ribbon Basic\Magic_wand.ico = C:\Users\Administrator\Documents\Axialis Librarian\Icons\Free\Ribbon Basic\Magic_wand.ico
		C:\Users\Administrator\Documents\Axialis Librarian\Icons\Free\Ribbon Basic\Mail.ico = C:\Users\Administrator\Documents\Axialis Librarian\Icons\Free\Ribbon Basic\Mail.ico
		C:\Users\Administrator\Documents\Axialis Librarian\Icons\Free\Ribbon Basic\Mail_open.ico = C:\Users\Administrator\Documents\Axialis Librarian\Icons\Free\Ribbon Basic\Mail_open.ico
		C:\Users\Administrator\Documents\Axialis Librarian\Icons\Free\Ribbon Basic\Nav_blue_down.ico = C:\Users\Administrator\Documents\Axialis Librarian\Icons\Free\Ribbon Basic\Nav_blue_down.ico
		C:\Users\Administrator\Documents\Axialis Librarian\Icons\Free\Ribbon Basic\Nav_blue_left.ico = C:\Users\Administrator\Documents\Axialis Librarian\Icons\Free\Ribbon Basic\Nav_blue_left.ico
		C:\Users\Administrator\Documents\Axialis Librarian\Icons\Free\Ribbon Basic\Nav_blue_right.ico = C:\Users\Administrator\Documents\Axialis Librarian\Icons\Free\Ribbon Basic\Nav_blue_right.ico
		C:\Users\Administrator\Documents\Axialis Librarian\Icons\Free\Ribbon Basic\Nav_blue_up.ico = C:\Users\Administrator\Documents\Axialis Librarian\Icons\Free\Ribbon Basic\Nav_blue_up.ico
		C:\Users\Administrator\Documents\Axialis Librarian\Icons\Free\Ribbon Basic\Nav_green_down.ico = C:\Users\Administrator\Documents\Axialis Librarian\Icons\Free\Ribbon Basic\Nav_green_down.ico
		C:\Users\Administrator\Documents\Axialis Librarian\Icons\Free\Ribbon Basic\Nav_green_left.ico = C:\Users\Administrator\Documents\Axialis Librarian\Icons\Free\Ribbon Basic\Nav_green_left.ico
		C:\Users\Administrator\Documents\Axialis Librarian\Icons\Free\Ribbon Basic\Nav_green_right.ico = C:\Users\Administrator\Documents\Axialis Librarian\Icons\Free\Ribbon Basic\Nav_green_right.ico
		C:\Users\Administrator\Documents\Axialis Librarian\Icons\Free\Ribbon Basic\Nav_green_up.ico = C:\Users\Administrator\Documents\Axialis Librarian\Icons\Free\Ribbon Basic\Nav_green_up.ico
		C:\Users\Administrator\Documents\Axialis Librarian\Icons\Free\Ribbon Basic\Network_application.ico = C:\Users\Administrator\Documents\Axialis Librarian\Icons\Free\Ribbon Basic\Network_application.ico
		C:\Users\Administrator\Documents\Axialis Librarian\Icons\Free\Ribbon Basic\Network_computer.ico = C:\Users\Administrator\Documents\Axialis Librarian\Icons\Free\Ribbon Basic\Network_computer.ico
		C:\Users\Administrator\Documents\Axialis Librarian\Icons\Free\Ribbon Basic\Network_database.ico = C:\Users\Administrator\Documents\Axialis Librarian\Icons\Free\Ribbon Basic\Network_database.ico
		C:\Users\Administrator\Documents\Axialis Librarian\Icons\Free\Ribbon Basic\Network_document.ico = C:\Users\Administrator\Documents\Axialis Librarian\Icons\Free\Ribbon Basic\Network_document.ico
		C:\Users\Administrator\Documents\Axialis Librarian\Icons\Free\Ribbon Basic\Network_folder.ico = C:\Users\Administrator\Documents\Axialis Librarian\Icons\Free\Ribbon Basic\Network_folder.ico
		C:\Users\Administrator\Documents\Axialis Librarian\Icons\Free\Ribbon Basic\Network_printer.ico = C:\Users\Administrator\Documents\Axialis Librarian\Icons\Free\Ribbon Basic\Network_printer.ico
		C:\Users\Administrator\Documents\Axialis Librarian\Icons\Free\Ribbon Basic\Note.ico = C:\Users\Administrator\Documents\Axialis Librarian\Icons\Free\Ribbon Basic\Note.ico
		C:\Users\Administrator\Documents\Axialis Librarian\Icons\Free\Ribbon Basic\Note_text.ico = C:\Users\Administrator\Documents\Axialis Librarian\Icons\Free\Ribbon Basic\Note_text.ico
		C:\Users\Administrator\Documents\Axialis Librarian\Icons\Free\Ribbon Basic\Notepad.ico = C:\Users\Administrator\Documents\Axialis Librarian\Icons\Free\Ribbon Basic\Notepad.ico
		C:\Users\Administrator\Documents\Axialis Librarian\Icons\Free\Ribbon Basic\Notepad_open.ico = C:\Users\Administrator\Documents\Axialis Librarian\Icons\Free\Ribbon Basic\Notepad_open.ico
		C:\Users\Administrator\Documents\Axialis Librarian\Icons\Free\Ribbon Basic\Notes.ico = C:\Users\Administrator\Documents\Axialis Librarian\Icons\Free\Ribbon Basic\Notes.ico
		C:\Users\Administrator\Documents\Axialis Librarian\Icons\Free\Ribbon Basic\Notes_text.ico = C:\Users\Administrator\Documents\Axialis Librarian\Icons\Free\Ribbon Basic\Notes_text.ico
		C:\Users\Administrator\Documents\Axialis Librarian\Icons\Free\Ribbon Basic\Ok.ico = C:\Users\Administrator\Documents\Axialis Librarian\Icons\Free\Ribbon Basic\Ok.ico
		C:\Users\Administrator\Documents\Axialis Librarian\Icons\Free\Ribbon Basic\Ok_button.ico = C:\Users\Administrator\Documents\Axialis Librarian\Icons\Free\Ribbon Basic\Ok_button.ico
		C:\Users\Administrator\Documents\Axialis Librarian\Icons\Free\Ribbon Basic\Open.ico = C:\Users\Administrator\Documents\Axialis Librarian\Icons\Free\Ribbon Basic\Open.ico
		C:\Users\Administrator\Documents\Axialis Librarian\Icons\Free\Ribbon Basic\Options.ico = C:\Users\Administrator\Documents\Axialis Librarian\Icons\Free\Ribbon Basic\Options.ico
		C:\Users\Administrator\Documents\Axialis Librarian\Icons\Free\Ribbon Basic\Organization.ico = C:\Users\Administrator\Documents\Axialis Librarian\Icons\Free\Ribbon Basic\Organization.ico
		C:\Users\Administrator\Documents\Axialis Librarian\Icons\Free\Ribbon Basic\Phone.ico = C:\Users\Administrator\Documents\Axialis Librarian\Icons\Free\Ribbon Basic\Phone.ico
		C:\Users\Administrator\Documents\Axialis Librarian\Icons\Free\Ribbon Basic\Picture.ico = C:\Users\Administrator\Documents\Axialis Librarian\Icons\Free\Ribbon Basic\Picture.ico
		C:\Users\Administrator\Documents\Axialis Librarian\Icons\Free\Ribbon Basic\Pictures.ico = C:\Users\Administrator\Documents\Axialis Librarian\Icons\Free\Ribbon Basic\Pictures.ico
		C:\Users\Administrator\Documents\Axialis Librarian\Icons\Free\Ribbon Basic\Piece.ico = C:\Users\Administrator\Documents\Axialis Librarian\Icons\Free\Ribbon Basic\Piece.ico
		C:\Users\Administrator\Documents\Axialis Librarian\Icons\Free\Ribbon Basic\Pin_blue.ico = C:\Users\Administrator\Documents\Axialis Librarian\Icons\Free\Ribbon Basic\Pin_blue.ico
		C:\Users\Administrator\Documents\Axialis Librarian\Icons\Free\Ribbon Basic\Pin_green.ico = C:\Users\Administrator\Documents\Axialis Librarian\Icons\Free\Ribbon Basic\Pin_green.ico
		C:\Users\Administrator\Documents\Axialis Librarian\Icons\Free\Ribbon Basic\Pin_red.ico = C:\Users\Administrator\Documents\Axialis Librarian\Icons\Free\Ribbon Basic\Pin_red.ico
		C:\Users\Administrator\Documents\Axialis Librarian\Icons\Free\Ribbon Basic\Print.ico = C:\Users\Administrator\Documents\Axialis Librarian\Icons\Free\Ribbon Basic\Print.ico
		C:\Users\Administrator\Documents\Axialis Librarian\Icons\Free\Ribbon Basic\Print_preview.ico = C:\Users\Administrator\Documents\Axialis Librarian\Icons\Free\Ribbon Basic\Print_preview.ico
		C:\Users\Administrator\Documents\Axialis Librarian\Icons\Free\Ribbon Basic\Print_setup.ico = C:\Users\Administrator\Documents\Axialis Librarian\Icons\Free\Ribbon Basic\Print_setup.ico
		C:\Users\Administrator\Documents\Axialis Librarian\Icons\Free\Ribbon Basic\Redo.ico = C:\Users\Administrator\Documents\Axialis Librarian\Icons\Free\Ribbon Basic\Redo.ico
		C:\Users\Administrator\Documents\Axialis Librarian\Icons\Free\Ribbon Basic\Refresh.ico = C:\Users\Administrator\Documents\Axialis Librarian\Icons\Free\Ribbon Basic\Refresh.ico
		C:\Users\Administrator\Documents\Axialis Librarian\Icons\Free\Ribbon Basic\Reload_rotate.ico = C:\Users\Administrator\Documents\Axialis Librarian\Icons\Free\Ribbon Basic\Reload_rotate.ico
		C:\Users\Administrator\Documents\Axialis Librarian\Icons\Free\Ribbon Basic\Remove.ico = C:\Users\Administrator\Documents\Axialis Librarian\Icons\Free\Ribbon Basic\Remove.ico
		C:\Users\Administrator\Documents\Axialis Librarian\Icons\Free\Ribbon Basic\Remove_button.ico = C:\Users\Administrator\Documents\Axialis Librarian\Icons\Free\Ribbon Basic\Remove_button.ico
		C:\Users\Administrator\Documents\Axialis Librarian\Icons\Free\Ribbon Basic\Rename.ico = C:\Users\Administrator\Documents\Axialis Librarian\Icons\Free\Ribbon Basic\Rename.ico
		C:\Users\Administrator\Documents\Axialis Librarian\Icons\Free\Ribbon Basic\Replace.ico = C:\Users\Administrator\Documents\Axialis Librarian\Icons\Free\Ribbon Basic\Replace.ico
		C:\Users\Administrator\Documents\Axialis Librarian\Icons\Free\Ribbon Basic\Report.ico = C:\Users\Administrator\Documents\Axialis Librarian\Icons\Free\Ribbon Basic\Report.ico
		C:\Users\Administrator\Documents\Axialis Librarian\Icons\Free\Ribbon Basic\Report_open.ico = C:\Users\Administrator\Documents\Axialis Librarian\Icons\Free\Ribbon Basic\Report_open.ico
		C:\Users\Administrator\Documents\Axialis Librarian\Icons\Free\Ribbon Basic\Save.ico = C:\Users\Administrator\Documents\Axialis Librarian\Icons\Free\Ribbon Basic\Save.ico
		C:\Users\Administrator\Documents\Axialis Librarian\Icons\Free\Ribbon Basic\Save_all.ico = C:\Users\Administrator\Documents\Axialis Librarian\Icons\Free\Ribbon Basic\Save_all.ico
		C:\Users\Administrator\Documents\Axialis Librarian\Icons\Free\Ribbon Basic\Save_as.ico = C:\Users\Administrator\Documents\Axialis Librarian\Icons\Free\Ribbon Basic\Save_as.ico
		C:\Users\Administrator\Documents\Axialis Librarian\Icons\Free\Ribbon Basic\Screen.ico = C:\Users\Administrator\Documents\Axialis Librarian\Icons\Free\Ribbon Basic\Screen.ico
		C:\Users\Administrator\Documents\Axialis Librarian\Icons\Free\Ribbon Basic\Search.ico = C:\Users\Administrator\Documents\Axialis Librarian\Icons\Free\Ribbon Basic\Search.ico
		C:\Users\Administrator\Documents\Axialis Librarian\Icons\Free\Ribbon Basic\Secure.ico = C:\Users\Administrator\Documents\Axialis Librarian\Icons\Free\Ribbon Basic\Secure.ico
		C:\Users\Administrator\Documents\Axialis Librarian\Icons\Free\Ribbon Basic\Secure_err.ico = C:\Users\Administrator\Documents\Axialis Librarian\Icons\Free\Ribbon Basic\Secure_err.ico
		C:\Users\Administrator\Documents\Axialis Librarian\Icons\Free\Ribbon Basic\Secure_ok.ico = C:\Users\Administrator\Documents\Axialis Librarian\Icons\Free\Ribbon Basic\Secure_ok.ico
		C:\Users\Administrator\Documents\Axialis Librarian\Icons\Free\Ribbon Basic\Security_lock.ico = C:\Users\Administrator\Documents\Axialis Librarian\Icons\Free\Ribbon Basic\Security_lock.ico
		C:\Users\Administrator\Documents\Axialis Librarian\Icons\Free\Ribbon Basic\Security_unlock.ico = C:\Users\Administrator\Documents\Axialis Librarian\Icons\Free\Ribbon Basic\Security_unlock.ico
		C:\Users\Administrator\Documents\Axialis Librarian\Icons\Free\Ribbon Basic\Select.ico = C:\Users\Administrator\Documents\Axialis Librarian\Icons\Free\Ribbon Basic\Select.ico
		C:\Users\Administrator\Documents\Axialis Librarian\Icons\Free\Ribbon Basic\Select_all.ico = C:\Users\Administrator\Documents\Axialis Librarian\Icons\Free\Ribbon Basic\Select_all.ico
		C:\Users\Administrator\Documents\Axialis Librarian\Icons\Free\Ribbon Basic\Select_invert.ico = C:\Users\Administrator\Documents\Axialis Librarian\Icons\Free\Ribbon Basic\Select_invert.ico
		C:\Users\Administrator\Documents\Axialis Librarian\Icons\Free\Ribbon Basic\Select_none.ico = C:\Users\Administrator\Documents\Axialis Librarian\Icons\Free\Ribbon Basic\Select_none.ico
		C:\Users\Administrator\Documents\Axialis Librarian\Icons\Free\Ribbon Basic\Shopping_basket.ico = C:\Users\Administrator\Documents\Axialis Librarian\Icons\Free\Ribbon Basic\Shopping_basket.ico
		C:\Users\Administrator\Documents\Axialis Librarian\Icons\Free\Ribbon Basic\Shopping_cart.ico = C:\Users\Administrator\Documents\Axialis Librarian\Icons\Free\Ribbon Basic\Shopping_cart.ico
		C:\Users\Administrator\Documents\Axialis Librarian\Icons\Free\Ribbon Basic\Smiley_angry.ico = C:\Users\Administrator\Documents\Axialis Librarian\Icons\Free\Ribbon Basic\Smiley_angry.ico
		C:\Users\Administrator\Documents\Axialis Librarian\Icons\Free\Ribbon Basic\Smiley_happy.ico = C:\Users\Administrator\Documents\Axialis Librarian\Icons\Free\Ribbon Basic\Smiley_happy.ico
		C:\Users\Administrator\Documents\Axialis Librarian\Icons\Free\Ribbon Basic\Smiley_kiss.ico = C:\Users\Administrator\Documents\Axialis Librarian\Icons\Free\Ribbon Basic\Smiley_kiss.ico
		C:\Users\Administrator\Documents\Axialis Librarian\Icons\Free\Ribbon Basic\Smiley_laugh.ico = C:\Users\Administrator\Documents\Axialis Librarian\Icons\Free\Ribbon Basic\Smiley_laugh.ico
		C:\Users\Administrator\Documents\Axialis Librarian\Icons\Free\Ribbon Basic\Smiley_love.ico = C:\Users\Administrator\Documents\Axialis Librarian\Icons\Free\Ribbon Basic\Smiley_love.ico
		C:\Users\Administrator\Documents\Axialis Librarian\Icons\Free\Ribbon Basic\Smiley_sad.ico = C:\Users\Administrator\Documents\Axialis Librarian\Icons\Free\Ribbon Basic\Smiley_sad.ico
		C:\Users\Administrator\Documents\Axialis Librarian\Icons\Free\Ribbon Basic\Smiley_wink.ico = C:\Users\Administrator\Documents\Axialis Librarian\Icons\Free\Ribbon Basic\Smiley_wink.ico
		C:\Users\Administrator\Documents\Axialis Librarian\Icons\Free\Ribbon Basic\Social_facebook.ico = C:\Users\Administrator\Documents\Axialis Librarian\Icons\Free\Ribbon Basic\Social_facebook.ico
		C:\Users\Administrator\Documents\Axialis Librarian\Icons\Free\Ribbon Basic\Social_rss.ico = C:\Users\Administrator\Documents\Axialis Librarian\Icons\Free\Ribbon Basic\Social_rss.ico
		C:\Users\Administrator\Documents\Axialis Librarian\Icons\Free\Ribbon Basic\Social_share.ico = C:\Users\Administrator\Documents\Axialis Librarian\Icons\Free\Ribbon Basic\Social_share.ico
		C:\Users\Administrator\Documents\Axialis Librarian\Icons\Free\Ribbon Basic\Social_twitter.ico = C:\Users\Administrator\Documents\Axialis Librarian\Icons\Free\Ribbon Basic\Social_twitter.ico
		C:\Users\Administrator\Documents\Axialis Librarian\Icons\Free\Ribbon Basic\Sort.ico = C:\Users\Administrator\Documents\Axialis Librarian\Icons\Free\Ribbon Basic\Sort.ico
		C:\Users\Administrator\Documents\Axialis Librarian\Icons\Free\Ribbon Basic\Sort2.ico = C:\Users\Administrator\Documents\Axialis Librarian\Icons\Free\Ribbon Basic\Sort2.ico
		C:\Users\Administrator\Documents\Axialis Librarian\Icons\Free\Ribbon Basic\Sort_down.ico = C:\Users\Administrator\Documents\Axialis Librarian\Icons\Free\Ribbon Basic\Sort_down.ico
		C:\Users\Administrator\Documents\Axialis Librarian\Icons\Free\Ribbon Basic\Sort_up.ico = C:\Users\Administrator\Documents\Axialis Librarian\Icons\Free\Ribbon Basic\Sort_up.ico
		C:\Users\Administrator\Documents\Axialis Librarian\Icons\Free\Ribbon Basic\Spell_check.ico = C:\Users\Administrator\Documents\Axialis Librarian\Icons\Free\Ribbon Basic\Spell_check.ico
		C:\Users\Administrator\Documents\Axialis Librarian\Icons\Free\Ribbon Basic\Stats.ico = C:\Users\Administrator\Documents\Axialis Librarian\Icons\Free\Ribbon Basic\Stats.ico
		C:\Users\Administrator\Documents\Axialis Librarian\Icons\Free\Ribbon Basic\Stop.ico = C:\Users\Administrator\Documents\Axialis Librarian\Icons\Free\Ribbon Basic\Stop.ico
		C:\Users\Administrator\Documents\Axialis Librarian\Icons\Free\Ribbon Basic\Symbol.ico = C:\Users\Administrator\Documents\Axialis Librarian\Icons\Free\Ribbon Basic\Symbol.ico
		C:\Users\Administrator\Documents\Axialis Librarian\Icons\Free\Ribbon Basic\Tab.ico = C:\Users\Administrator\Documents\Axialis Librarian\Icons\Free\Ribbon Basic\Tab.ico
		C:\Users\Administrator\Documents\Axialis Librarian\Icons\Free\Ribbon Basic\Tabs.ico = C:\Users\Administrator\Documents\Axialis Librarian\Icons\Free\Ribbon Basic\Tabs.ico
		C:\Users\Administrator\Documents\Axialis Librarian\Icons\Free\Ribbon Basic\Tag_blue.ico = C:\Users\Administrator\Documents\Axialis Librarian\Icons\Free\Ribbon Basic\Tag_blue.ico
		C:\Users\Administrator\Documents\Axialis Librarian\Icons\Free\Ribbon Basic\Tag_green.ico = C:\Users\Administrator\Documents\Axialis Librarian\Icons\Free\Ribbon Basic\Tag_green.ico
		C:\Users\Administrator\Documents\Axialis Librarian\Icons\Free\Ribbon Basic\Tag_grey.ico = C:\Users\Administrator\Documents\Axialis Librarian\Icons\Free\Ribbon Basic\Tag_grey.ico
		C:\Users\Administrator\Documents\Axialis Librarian\Icons\Free\Ribbon Basic\Tag_horizontal.ico = C:\Users\Administrator\Documents\Axialis Librarian\Icons\Free\Ribbon Basic\Tag_horizontal.ico
		C:\Users\Administrator\Documents\Axialis Librarian\Icons\Free\Ribbon Basic\Tag_red.ico = C:\Users\Administrator\Documents\Axialis Librarian\Icons\Free\Ribbon Basic\Tag_red.ico
		C:\Users\Administrator\Documents\Axialis Librarian\Icons\Free\Ribbon Basic\Task.ico = C:\Users\Administrator\Documents\Axialis Librarian\Icons\Free\Ribbon Basic\Task.ico
		C:\Users\Administrator\Documents\Axialis Librarian\Icons\Free\Ribbon Basic\Text.ico = C:\Users\Administrator\Documents\Axialis Librarian\Icons\Free\Ribbon Basic\Text.ico
		C:\Users\Administrator\Documents\Axialis Librarian\Icons\Free\Ribbon Basic\Tool_brush.ico = C:\Users\Administrator\Documents\Axialis Librarian\Icons\Free\Ribbon Basic\Tool_brush.ico
		C:\Users\Administrator\Documents\Axialis Librarian\Icons\Free\Ribbon Basic\Tool_pencil.ico = C:\Users\Administrator\Documents\Axialis Librarian\Icons\Free\Ribbon Basic\Tool_pencil.ico
		C:\Users\Administrator\Documents\Axialis Librarian\Icons\Free\Ribbon Basic\Tool_ruler.ico = C:\Users\Administrator\Documents\Axialis Librarian\Icons\Free\Ribbon Basic\Tool_ruler.ico
		C:\Users\Administrator\Documents\Axialis Librarian\Icons\Free\Ribbon Basic\Tool_ruler2.ico = C:\Users\Administrator\Documents\Axialis Librarian\Icons\Free\Ribbon Basic\Tool_ruler2.ico
		C:\Users\Administrator\Documents\Axialis Librarian\Icons\Free\Ribbon Basic\Tools.ico = C:\Users\Administrator\Documents\Axialis Librarian\Icons\Free\Ribbon Basic\Tools.ico
		C:\Users\Administrator\Documents\Axialis Librarian\Icons\Free\Ribbon Basic\Tree.ico = C:\Users\Administrator\Documents\Axialis Librarian\Icons\Free\Ribbon Basic\Tree.ico
		C:\Users\Administrator\Documents\Axialis Librarian\Icons\Free\Ribbon Basic\Undo.ico = C:\Users\Administrator\Documents\Axialis Librarian\Icons\Free\Ribbon Basic\Undo.ico
		C:\Users\Administrator\Documents\Axialis Librarian\Icons\Free\Ribbon Basic\Uninstall.ico = C:\Users\Administrator\Documents\Axialis Librarian\Icons\Free\Ribbon Basic\Uninstall.ico
		C:\Users\Administrator\Documents\Axialis Librarian\Icons\Free\Ribbon Basic\User.ico = C:\Users\Administrator\Documents\Axialis Librarian\Icons\Free\Ribbon Basic\User.ico
		C:\Users\Administrator\Documents\Axialis Librarian\Icons\Free\Ribbon Basic\User_group.ico = C:\Users\Administrator\Documents\Axialis Librarian\Icons\Free\Ribbon Basic\User_group.ico
		C:\Users\Administrator\Documents\Axialis Librarian\Icons\Free\Ribbon Basic\User_id.ico = C:\Users\Administrator\Documents\Axialis Librarian\Icons\Free\Ribbon Basic\User_id.ico
		C:\Users\Administrator\Documents\Axialis Librarian\Icons\Free\Ribbon Basic\View.ico = C:\Users\Administrator\Documents\Axialis Librarian\Icons\Free\Ribbon Basic\View.ico
		C:\Users\Administrator\Documents\Axialis Librarian\Icons\Free\Ribbon Basic\View_details.ico = C:\Users\Administrator\Documents\Axialis Librarian\Icons\Free\Ribbon Basic\View_details.ico
		C:\Users\Administrator\Documents\Axialis Librarian\Icons\Free\Ribbon Basic\View_large_icons.ico = C:\Users\Administrator\Documents\Axialis Librarian\Icons\Free\Ribbon Basic\View_large_icons.ico
		C:\Users\Administrator\Documents\Axialis Librarian\Icons\Free\Ribbon Basic\View_list.ico = C:\Users\Administrator\Documents\Axialis Librarian\Icons\Free\Ribbon Basic\View_list.ico
		C:\Users\Administrator\Documents\Axialis Librarian\Icons\Free\Ribbon Basic\View_medium_icons.ico = C:\Users\Administrator\Documents\Axialis Librarian\Icons\Free\Ribbon Basic\View_medium_icons.ico
		C:\Users\Administrator\Documents\Axialis Librarian\Icons\Free\Ribbon Basic\View_options.ico = C:\Users\Administrator\Documents\Axialis Librarian\Icons\Free\Ribbon Basic\View_options.ico
		C:\Users\Administrator\Documents\Axialis Librarian\Icons\Free\Ribbon Basic\View_small_icons.ico = C:\Users\Administrator\Documents\Axialis Librarian\Icons\Free\Ribbon Basic\View_small_icons.ico
		C:\Users\Administrator\Documents\Axialis Librarian\Icons\Free\Ribbon Basic\Views.ico = C:\Users\Administrator\Documents\Axialis Librarian\Icons\Free\Ribbon Basic\Views.ico
		C:\Users\Administrator\Documents\Axialis Librarian\Icons\Free\Ribbon Basic\Warning.ico = C:\Users\Administrator\Documents\Axialis Librarian\Icons\Free\Ribbon Basic\Warning.ico
		C:\Users\Administrator\Documents\Axialis Librarian\Icons\Free\Ribbon Basic\Window.ico = C:\Users\Administrator\Documents\Axialis Librarian\Icons\Free\Ribbon Basic\Window.ico
		C:\Users\Administrator\Documents\Axialis Librarian\Icons\Free\Ribbon Basic\Window_arrange_horizontal.ico = C:\Users\Administrator\Documents\Axialis Librarian\Icons\Free\Ribbon Basic\Window_arrange_horizontal.ico
		C:\Users\Administrator\Documents\Axialis Librarian\Icons\Free\Ribbon Basic\Window_arrange_vertical.ico = C:\Users\Administrator\Documents\Axialis Librarian\Icons\Free\Ribbon Basic\Window_arrange_vertical.ico
		C:\Users\Administrator\Documents\Axialis Librarian\Icons\Free\Ribbon Basic\Window_create.ico = C:\Users\Administrator\Documents\Axialis Librarian\Icons\Free\Ribbon Basic\Window_create.ico
		C:\Users\Administrator\Documents\Axialis Librarian\Icons\Free\Ribbon Basic\Window_fonts.ico = C:\Users\Administrator\Documents\Axialis Librarian\Icons\Free\Ribbon Basic\Window_fonts.ico
		C:\Users\Administrator\Documents\Axialis Librarian\Icons\Free\Ribbon Basic\Window_hide.ico = C:\Users\Administrator\Documents\Axialis Librarian\Icons\Free\Ribbon Basic\Window_hide.ico
		C:\Users\Administrator\Documents\Axialis Librarian\Icons\Free\Ribbon Basic\Window_panel_bottom.ico = C:\Users\Administrator\Documents\Axialis Librarian\Icons\Free\Ribbon Basic\Window_panel_bottom.ico
		C:\Users\Administrator\Documents\Axialis Librarian\Icons\Free\Ribbon Basic\Window_panel_left.ico = C:\Users\Administrator\Documents\Axialis Librarian\Icons\Free\Ribbon Basic\Window_panel_left.ico
		C:\Users\Administrator\Documents\Axialis Librarian\Icons\Free\Ribbon Basic\Window_panel_right.ico = C:\Users\Administrator\Documents\Axialis Librarian\Icons\Free\Ribbon Basic\Window_panel_right.ico
		C:\Users\Administrator\Documents\Axialis Librarian\Icons\Free\Ribbon Basic\Window_panel_top.ico = C:\Users\Administrator\Documents\Axialis Librarian\Icons\Free\Ribbon Basic\Window_panel_top.ico
		C:\Users\Administrator\Documents\Axialis Librarian\Icons\Free\Ribbon Basic\Window_picture.ico = C:\Users\Administrator\Documents\Axialis Librarian\Icons\Free\Ribbon Basic\Window_picture.ico
		C:\Users\Administrator\Documents\Axialis Librarian\Icons\Free\Ribbon Basic\Window_sel.ico = C:\Users\Administrator\Documents\Axialis Librarian\Icons\Free\Ribbon Basic\Window_sel.ico
		C:\Users\Administrator\Documents\Axialis Librarian\Icons\Free\Ribbon Basic\Window_separate_horizontal.ico = C:\Users\Administrator\Documents\Axialis Librarian\Icons\Free\Ribbon Basic\Window_separate_horizontal.ico
		C:\Users\Administrator\Documents\Axialis Librarian\Icons\Free\Ribbon Basic\Window_separate_vertical.ico = C:\Users\Administrator\Documents\Axialis Librarian\Icons\Free\Ribbon Basic\Window_separate_vertical.ico
		C:\Users\Administrator\Documents\Axialis Librarian\Icons\Free\Ribbon Basic\Window_settings.ico = C:\Users\Administrator\Documents\Axialis Librarian\Icons\Free\Ribbon Basic\Window_settings.ico
		C:\Users\Administrator\Documents\Axialis Librarian\Icons\Free\Ribbon Basic\Window_show_hide.ico = C:\Users\Administrator\Documents\Axialis Librarian\Icons\Free\Ribbon Basic\Window_show_hide.ico
		C:\Users\Administrator\Documents\Axialis Librarian\Icons\Free\Ribbon Basic\Window_small.ico = C:\Users\Administrator\Documents\Axialis Librarian\Icons\Free\Ribbon Basic\Window_small.ico
		C:\Users\Administrator\Documents\Axialis Librarian\Icons\Free\Ribbon Basic\Window_split.ico = C:\Users\Administrator\Documents\Axialis Librarian\Icons\Free\Ribbon Basic\Window_split.ico
		C:\Users\Administrator\Documents\Axialis Librarian\Icons\Free\Ribbon Basic\Window_spreadsheet.ico = C:\Users\Administrator\Documents\Axialis Librarian\Icons\Free\Ribbon Basic\Window_spreadsheet.ico
		C:\Users\Administrator\Documents\Axialis Librarian\Icons\Free\Ribbon Basic\Window_text.ico = C:\Users\Administrator\Documents\Axialis Librarian\Icons\Free\Ribbon Basic\Window_text.ico
		C:\Users\Administrator\Documents\Axialis Librarian\Icons\Free\Ribbon Basic\Window_wizard.ico = C:\Users\Administrator\Documents\Axialis Librarian\Icons\Free\Ribbon Basic\Window_wizard.ico
		C:\Users\Administrator\Documents\Axialis Librarian\Icons\Free\Ribbon Basic\Window_word_processing.ico = C:\Users\Administrator\Documents\Axialis Librarian\Icons\Free\Ribbon Basic\Window_word_processing.ico
		C:\Users\Administrator\Documents\Axialis Librarian\Icons\Free\Ribbon Basic\Windows.ico = C:\Users\Administrator\Documents\Axialis Librarian\Icons\Free\Ribbon Basic\Windows.ico
		C:\Users\Administrator\Documents\Axialis Librarian\Icons\Free\Ribbon Basic\Zip.ico = C:\Users\Administrator\Documents\Axialis Librarian\Icons\Free\Ribbon Basic\Zip.ico
		C:\Users\Administrator\Documents\Axialis Librarian\Icons\Free\Ribbon Basic\Zip_compress.ico = C:\Users\Administrator\Documents\Axialis Librarian\Icons\Free\Ribbon Basic\Zip_compress.ico
		C:\Users\Administrator\Documents\Axialis Librarian\Icons\Free\Ribbon Basic\Zoom_in.ico = C:\Users\Administrator\Documents\Axialis Librarian\Icons\Free\Ribbon Basic\Zoom_in.ico
		C:\Users\Administrator\Documents\Axialis Librarian\Icons\Free\Ribbon Basic\Zoom_out.ico = C:\Users\Administrator\Documents\Axialis Librarian\Icons\Free\Ribbon Basic\Zoom_out.ico
	EndProjectSection
EndProject
Project("{FAE04EC0-301F-11D3-BF4B-00C04F79EFBC}") = "ToPlant", "ToPlant\ToPlant.csproj", "{37AC02FD-43E4-41B8-8638-21D78C0A82D8}"
EndProject
Project("{FAE04EC0-301F-11D3-BF4B-00C04F79EFBC}") = "RX_DataCenter", "..\..\03 RX_DataUpdata\RX_DataUpdata\RX_DataCenter.csproj", "{A0824EE8-AD38-4F64-9F47-050E5464D190}"
EndProject
Global
	GlobalSection(SolutionConfigurationPlatforms) = preSolution
		CD_ROM|Any CPU = CD_ROM|Any CPU
		CD_ROM|ARM = CD_ROM|ARM
		CD_ROM|ARM64 = CD_ROM|ARM64
		CD_ROM|x64 = CD_ROM|x64
		CD_ROM|x86 = CD_ROM|x86
		Debug|Any CPU = Debug|Any CPU
		Debug|ARM = Debug|ARM
		Debug|ARM64 = Debug|ARM64
		Debug|x64 = Debug|x64
		Debug|x86 = Debug|x86
		DVD-5|Any CPU = DVD-5|Any CPU
		DVD-5|ARM = DVD-5|ARM
		DVD-5|ARM64 = DVD-5|ARM64
		DVD-5|x64 = DVD-5|x64
		DVD-5|x86 = DVD-5|x86
		Release|Any CPU = Release|Any CPU
		Release|ARM = Release|ARM
		Release|ARM64 = Release|ARM64
		Release|x64 = Release|x64
		Release|x86 = Release|x86
		SingleImage|Any CPU = SingleImage|Any CPU
		SingleImage|ARM = SingleImage|ARM
		SingleImage|ARM64 = SingleImage|ARM64
		SingleImage|x64 = SingleImage|x64
		SingleImage|x86 = SingleImage|x86
	EndGlobalSection
	GlobalSection(ProjectConfigurationPlatforms) = postSolution
		{1492CAB4-375D-4534-9FE9-807C4D318E2D}.CD_ROM|Any CPU.ActiveCfg = Release|Any CPU
		{1492CAB4-375D-4534-9FE9-807C4D318E2D}.CD_ROM|Any CPU.Build.0 = Release|Any CPU
		{1492CAB4-375D-4534-9FE9-807C4D318E2D}.CD_ROM|ARM.ActiveCfg = Debug|Any CPU
		{1492CAB4-375D-4534-9FE9-807C4D318E2D}.CD_ROM|ARM.Build.0 = Debug|Any CPU
		{1492CAB4-375D-4534-9FE9-807C4D318E2D}.CD_ROM|ARM64.ActiveCfg = Debug|Any CPU
		{1492CAB4-375D-4534-9FE9-807C4D318E2D}.CD_ROM|ARM64.Build.0 = Debug|Any CPU
		{1492CAB4-375D-4534-9FE9-807C4D318E2D}.CD_ROM|x64.ActiveCfg = Debug|Any CPU
		{1492CAB4-375D-4534-9FE9-807C4D318E2D}.CD_ROM|x64.Build.0 = Debug|Any CPU
		{1492CAB4-375D-4534-9FE9-807C4D318E2D}.CD_ROM|x86.ActiveCfg = Debug|Any CPU
		{1492CAB4-375D-4534-9FE9-807C4D318E2D}.CD_ROM|x86.Build.0 = Debug|Any CPU
		{1492CAB4-375D-4534-9FE9-807C4D318E2D}.Debug|Any CPU.ActiveCfg = Debug|Any CPU
		{1492CAB4-375D-4534-9FE9-807C4D318E2D}.Debug|Any CPU.Build.0 = Debug|Any CPU
		{1492CAB4-375D-4534-9FE9-807C4D318E2D}.Debug|ARM.ActiveCfg = Debug|Any CPU
		{1492CAB4-375D-4534-9FE9-807C4D318E2D}.Debug|ARM.Build.0 = Debug|Any CPU
		{1492CAB4-375D-4534-9FE9-807C4D318E2D}.Debug|ARM64.ActiveCfg = Debug|Any CPU
		{1492CAB4-375D-4534-9FE9-807C4D318E2D}.Debug|ARM64.Build.0 = Debug|Any CPU
		{1492CAB4-375D-4534-9FE9-807C4D318E2D}.Debug|x64.ActiveCfg = Debug|Any CPU
		{1492CAB4-375D-4534-9FE9-807C4D318E2D}.Debug|x64.Build.0 = Debug|Any CPU
		{1492CAB4-375D-4534-9FE9-807C4D318E2D}.Debug|x86.ActiveCfg = Debug|Any CPU
		{1492CAB4-375D-4534-9FE9-807C4D318E2D}.Debug|x86.Build.0 = Debug|Any CPU
		{1492CAB4-375D-4534-9FE9-807C4D318E2D}.DVD-5|Any CPU.ActiveCfg = Debug|Any CPU
		{1492CAB4-375D-4534-9FE9-807C4D318E2D}.DVD-5|Any CPU.Build.0 = Debug|Any CPU
		{1492CAB4-375D-4534-9FE9-807C4D318E2D}.DVD-5|ARM.ActiveCfg = Debug|Any CPU
		{1492CAB4-375D-4534-9FE9-807C4D318E2D}.DVD-5|ARM.Build.0 = Debug|Any CPU
		{1492CAB4-375D-4534-9FE9-807C4D318E2D}.DVD-5|ARM64.ActiveCfg = Debug|Any CPU
		{1492CAB4-375D-4534-9FE9-807C4D318E2D}.DVD-5|ARM64.Build.0 = Debug|Any CPU
		{1492CAB4-375D-4534-9FE9-807C4D318E2D}.DVD-5|x64.ActiveCfg = Debug|Any CPU
		{1492CAB4-375D-4534-9FE9-807C4D318E2D}.DVD-5|x64.Build.0 = Debug|Any CPU
		{1492CAB4-375D-4534-9FE9-807C4D318E2D}.DVD-5|x86.ActiveCfg = Debug|Any CPU
		{1492CAB4-375D-4534-9FE9-807C4D318E2D}.DVD-5|x86.Build.0 = Debug|Any CPU
		{1492CAB4-375D-4534-9FE9-807C4D318E2D}.Release|Any CPU.ActiveCfg = Release|Any CPU
		{1492CAB4-375D-4534-9FE9-807C4D318E2D}.Release|Any CPU.Build.0 = Release|Any CPU
		{1492CAB4-375D-4534-9FE9-807C4D318E2D}.Release|ARM.ActiveCfg = Release|Any CPU
		{1492CAB4-375D-4534-9FE9-807C4D318E2D}.Release|ARM.Build.0 = Release|Any CPU
		{1492CAB4-375D-4534-9FE9-807C4D318E2D}.Release|ARM64.ActiveCfg = Release|Any CPU
		{1492CAB4-375D-4534-9FE9-807C4D318E2D}.Release|ARM64.Build.0 = Release|Any CPU
		{1492CAB4-375D-4534-9FE9-807C4D318E2D}.Release|x64.ActiveCfg = Release|Any CPU
		{1492CAB4-375D-4534-9FE9-807C4D318E2D}.Release|x64.Build.0 = Release|Any CPU
		{1492CAB4-375D-4534-9FE9-807C4D318E2D}.Release|x86.ActiveCfg = Release|Any CPU
		{1492CAB4-375D-4534-9FE9-807C4D318E2D}.Release|x86.Build.0 = Release|Any CPU
		{1492CAB4-375D-4534-9FE9-807C4D318E2D}.SingleImage|Any CPU.ActiveCfg = Release|Any CPU
		{1492CAB4-375D-4534-9FE9-807C4D318E2D}.SingleImage|Any CPU.Build.0 = Release|Any CPU
		{1492CAB4-375D-4534-9FE9-807C4D318E2D}.SingleImage|ARM.ActiveCfg = Debug|Any CPU
		{1492CAB4-375D-4534-9FE9-807C4D318E2D}.SingleImage|ARM.Build.0 = Debug|Any CPU
		{1492CAB4-375D-4534-9FE9-807C4D318E2D}.SingleImage|ARM64.ActiveCfg = Debug|Any CPU
		{1492CAB4-375D-4534-9FE9-807C4D318E2D}.SingleImage|ARM64.Build.0 = Debug|Any CPU
		{1492CAB4-375D-4534-9FE9-807C4D318E2D}.SingleImage|x64.ActiveCfg = Debug|Any CPU
		{1492CAB4-375D-4534-9FE9-807C4D318E2D}.SingleImage|x64.Build.0 = Debug|Any CPU
		{1492CAB4-375D-4534-9FE9-807C4D318E2D}.SingleImage|x86.ActiveCfg = Debug|Any CPU
		{1492CAB4-375D-4534-9FE9-807C4D318E2D}.SingleImage|x86.Build.0 = Debug|Any CPU
		{ED1B3AD1-9387-4C6E-85F1-581991DA347A}.CD_ROM|Any CPU.ActiveCfg = Release|Any CPU
		{ED1B3AD1-9387-4C6E-85F1-581991DA347A}.CD_ROM|Any CPU.Build.0 = Release|Any CPU
		{ED1B3AD1-9387-4C6E-85F1-581991DA347A}.CD_ROM|ARM.ActiveCfg = Debug|Any CPU
		{ED1B3AD1-9387-4C6E-85F1-581991DA347A}.CD_ROM|ARM.Build.0 = Debug|Any CPU
		{ED1B3AD1-9387-4C6E-85F1-581991DA347A}.CD_ROM|ARM64.ActiveCfg = Debug|Any CPU
		{ED1B3AD1-9387-4C6E-85F1-581991DA347A}.CD_ROM|ARM64.Build.0 = Debug|Any CPU
		{ED1B3AD1-9387-4C6E-85F1-581991DA347A}.CD_ROM|x64.ActiveCfg = Debug|Any CPU
		{ED1B3AD1-9387-4C6E-85F1-581991DA347A}.CD_ROM|x64.Build.0 = Debug|Any CPU
		{ED1B3AD1-9387-4C6E-85F1-581991DA347A}.CD_ROM|x86.ActiveCfg = Debug|Any CPU
		{ED1B3AD1-9387-4C6E-85F1-581991DA347A}.CD_ROM|x86.Build.0 = Debug|Any CPU
		{ED1B3AD1-9387-4C6E-85F1-581991DA347A}.Debug|Any CPU.ActiveCfg = Debug|Any CPU
		{ED1B3AD1-9387-4C6E-85F1-581991DA347A}.Debug|Any CPU.Build.0 = Debug|Any CPU
		{ED1B3AD1-9387-4C6E-85F1-581991DA347A}.Debug|ARM.ActiveCfg = Debug|Any CPU
		{ED1B3AD1-9387-4C6E-85F1-581991DA347A}.Debug|ARM.Build.0 = Debug|Any CPU
		{ED1B3AD1-9387-4C6E-85F1-581991DA347A}.Debug|ARM64.ActiveCfg = Debug|Any CPU
		{ED1B3AD1-9387-4C6E-85F1-581991DA347A}.Debug|ARM64.Build.0 = Debug|Any CPU
		{ED1B3AD1-9387-4C6E-85F1-581991DA347A}.Debug|x64.ActiveCfg = Debug|Any CPU
		{ED1B3AD1-9387-4C6E-85F1-581991DA347A}.Debug|x64.Build.0 = Debug|Any CPU
		{ED1B3AD1-9387-4C6E-85F1-581991DA347A}.Debug|x86.ActiveCfg = Debug|Any CPU
		{ED1B3AD1-9387-4C6E-85F1-581991DA347A}.Debug|x86.Build.0 = Debug|Any CPU
		{ED1B3AD1-9387-4C6E-85F1-581991DA347A}.DVD-5|Any CPU.ActiveCfg = Debug|Any CPU
		{ED1B3AD1-9387-4C6E-85F1-581991DA347A}.DVD-5|Any CPU.Build.0 = Debug|Any CPU
		{ED1B3AD1-9387-4C6E-85F1-581991DA347A}.DVD-5|ARM.ActiveCfg = Debug|Any CPU
		{ED1B3AD1-9387-4C6E-85F1-581991DA347A}.DVD-5|ARM.Build.0 = Debug|Any CPU
		{ED1B3AD1-9387-4C6E-85F1-581991DA347A}.DVD-5|ARM64.ActiveCfg = Debug|Any CPU
		{ED1B3AD1-9387-4C6E-85F1-581991DA347A}.DVD-5|ARM64.Build.0 = Debug|Any CPU
		{ED1B3AD1-9387-4C6E-85F1-581991DA347A}.DVD-5|x64.ActiveCfg = Debug|Any CPU
		{ED1B3AD1-9387-4C6E-85F1-581991DA347A}.DVD-5|x64.Build.0 = Debug|Any CPU
		{ED1B3AD1-9387-4C6E-85F1-581991DA347A}.DVD-5|x86.ActiveCfg = Debug|Any CPU
		{ED1B3AD1-9387-4C6E-85F1-581991DA347A}.DVD-5|x86.Build.0 = Debug|Any CPU
		{ED1B3AD1-9387-4C6E-85F1-581991DA347A}.Release|Any CPU.ActiveCfg = Release|Any CPU
		{ED1B3AD1-9387-4C6E-85F1-581991DA347A}.Release|Any CPU.Build.0 = Release|Any CPU
		{ED1B3AD1-9387-4C6E-85F1-581991DA347A}.Release|ARM.ActiveCfg = Release|Any CPU
		{ED1B3AD1-9387-4C6E-85F1-581991DA347A}.Release|ARM.Build.0 = Release|Any CPU
		{ED1B3AD1-9387-4C6E-85F1-581991DA347A}.Release|ARM64.ActiveCfg = Release|Any CPU
		{ED1B3AD1-9387-4C6E-85F1-581991DA347A}.Release|ARM64.Build.0 = Release|Any CPU
		{ED1B3AD1-9387-4C6E-85F1-581991DA347A}.Release|x64.ActiveCfg = Release|Any CPU
		{ED1B3AD1-9387-4C6E-85F1-581991DA347A}.Release|x64.Build.0 = Release|Any CPU
		{ED1B3AD1-9387-4C6E-85F1-581991DA347A}.Release|x86.ActiveCfg = Release|Any CPU
		{ED1B3AD1-9387-4C6E-85F1-581991DA347A}.Release|x86.Build.0 = Release|Any CPU
		{ED1B3AD1-9387-4C6E-85F1-581991DA347A}.SingleImage|Any CPU.ActiveCfg = Release|Any CPU
		{ED1B3AD1-9387-4C6E-85F1-581991DA347A}.SingleImage|Any CPU.Build.0 = Release|Any CPU
		{ED1B3AD1-9387-4C6E-85F1-581991DA347A}.SingleImage|ARM.ActiveCfg = Debug|Any CPU
		{ED1B3AD1-9387-4C6E-85F1-581991DA347A}.SingleImage|ARM.Build.0 = Debug|Any CPU
		{ED1B3AD1-9387-4C6E-85F1-581991DA347A}.SingleImage|ARM64.ActiveCfg = Debug|Any CPU
		{ED1B3AD1-9387-4C6E-85F1-581991DA347A}.SingleImage|ARM64.Build.0 = Debug|Any CPU
		{ED1B3AD1-9387-4C6E-85F1-581991DA347A}.SingleImage|x64.ActiveCfg = Debug|Any CPU
		{ED1B3AD1-9387-4C6E-85F1-581991DA347A}.SingleImage|x64.Build.0 = Debug|Any CPU
		{ED1B3AD1-9387-4C6E-85F1-581991DA347A}.SingleImage|x86.ActiveCfg = Debug|Any CPU
		{ED1B3AD1-9387-4C6E-85F1-581991DA347A}.SingleImage|x86.Build.0 = Debug|Any CPU
		{8EC12E72-57C0-447D-95E5-BBE6AFA9EA4F}.CD_ROM|Any CPU.ActiveCfg = Release|Any CPU
		{8EC12E72-57C0-447D-95E5-BBE6AFA9EA4F}.CD_ROM|Any CPU.Build.0 = Release|Any CPU
		{8EC12E72-57C0-447D-95E5-BBE6AFA9EA4F}.CD_ROM|ARM.ActiveCfg = Release|Any CPU
		{8EC12E72-57C0-447D-95E5-BBE6AFA9EA4F}.CD_ROM|ARM.Build.0 = Release|Any CPU
		{8EC12E72-57C0-447D-95E5-BBE6AFA9EA4F}.CD_ROM|ARM64.ActiveCfg = Release|Any CPU
		{8EC12E72-57C0-447D-95E5-BBE6AFA9EA4F}.CD_ROM|ARM64.Build.0 = Release|Any CPU
		{8EC12E72-57C0-447D-95E5-BBE6AFA9EA4F}.CD_ROM|x64.ActiveCfg = Release|Any CPU
		{8EC12E72-57C0-447D-95E5-BBE6AFA9EA4F}.CD_ROM|x64.Build.0 = Release|Any CPU
		{8EC12E72-57C0-447D-95E5-BBE6AFA9EA4F}.CD_ROM|x86.ActiveCfg = Release|Any CPU
		{8EC12E72-57C0-447D-95E5-BBE6AFA9EA4F}.CD_ROM|x86.Build.0 = Release|Any CPU
		{8EC12E72-57C0-447D-95E5-BBE6AFA9EA4F}.Debug|Any CPU.ActiveCfg = Debug|Any CPU
		{8EC12E72-57C0-447D-95E5-BBE6AFA9EA4F}.Debug|Any CPU.Build.0 = Debug|Any CPU
		{8EC12E72-57C0-447D-95E5-BBE6AFA9EA4F}.Debug|ARM.ActiveCfg = Debug|Any CPU
		{8EC12E72-57C0-447D-95E5-BBE6AFA9EA4F}.Debug|ARM.Build.0 = Debug|Any CPU
		{8EC12E72-57C0-447D-95E5-BBE6AFA9EA4F}.Debug|ARM64.ActiveCfg = Debug|Any CPU
		{8EC12E72-57C0-447D-95E5-BBE6AFA9EA4F}.Debug|ARM64.Build.0 = Debug|Any CPU
		{8EC12E72-57C0-447D-95E5-BBE6AFA9EA4F}.Debug|x64.ActiveCfg = Debug|Any CPU
		{8EC12E72-57C0-447D-95E5-BBE6AFA9EA4F}.Debug|x64.Build.0 = Debug|Any CPU
		{8EC12E72-57C0-447D-95E5-BBE6AFA9EA4F}.Debug|x86.ActiveCfg = Debug|Any CPU
		{8EC12E72-57C0-447D-95E5-BBE6AFA9EA4F}.Debug|x86.Build.0 = Debug|Any CPU
		{8EC12E72-57C0-447D-95E5-BBE6AFA9EA4F}.DVD-5|Any CPU.ActiveCfg = Debug|Any CPU
		{8EC12E72-57C0-447D-95E5-BBE6AFA9EA4F}.DVD-5|Any CPU.Build.0 = Debug|Any CPU
		{8EC12E72-57C0-447D-95E5-BBE6AFA9EA4F}.DVD-5|ARM.ActiveCfg = Debug|Any CPU
		{8EC12E72-57C0-447D-95E5-BBE6AFA9EA4F}.DVD-5|ARM.Build.0 = Debug|Any CPU
		{8EC12E72-57C0-447D-95E5-BBE6AFA9EA4F}.DVD-5|ARM64.ActiveCfg = Debug|Any CPU
		{8EC12E72-57C0-447D-95E5-BBE6AFA9EA4F}.DVD-5|ARM64.Build.0 = Debug|Any CPU
		{8EC12E72-57C0-447D-95E5-BBE6AFA9EA4F}.DVD-5|x64.ActiveCfg = Debug|Any CPU
		{8EC12E72-57C0-447D-95E5-BBE6AFA9EA4F}.DVD-5|x64.Build.0 = Debug|Any CPU
		{8EC12E72-57C0-447D-95E5-BBE6AFA9EA4F}.DVD-5|x86.ActiveCfg = Debug|Any CPU
		{8EC12E72-57C0-447D-95E5-BBE6AFA9EA4F}.DVD-5|x86.Build.0 = Debug|Any CPU
		{8EC12E72-57C0-447D-95E5-BBE6AFA9EA4F}.Release|Any CPU.ActiveCfg = Release|Any CPU
		{8EC12E72-57C0-447D-95E5-BBE6AFA9EA4F}.Release|Any CPU.Build.0 = Release|Any CPU
		{8EC12E72-57C0-447D-95E5-BBE6AFA9EA4F}.Release|ARM.ActiveCfg = Release|Any CPU
		{8EC12E72-57C0-447D-95E5-BBE6AFA9EA4F}.Release|ARM.Build.0 = Release|Any CPU
		{8EC12E72-57C0-447D-95E5-BBE6AFA9EA4F}.Release|ARM64.ActiveCfg = Release|Any CPU
		{8EC12E72-57C0-447D-95E5-BBE6AFA9EA4F}.Release|ARM64.Build.0 = Release|Any CPU
		{8EC12E72-57C0-447D-95E5-BBE6AFA9EA4F}.Release|x64.ActiveCfg = Release|Any CPU
		{8EC12E72-57C0-447D-95E5-BBE6AFA9EA4F}.Release|x64.Build.0 = Release|Any CPU
		{8EC12E72-57C0-447D-95E5-BBE6AFA9EA4F}.Release|x86.ActiveCfg = Release|Any CPU
		{8EC12E72-57C0-447D-95E5-BBE6AFA9EA4F}.Release|x86.Build.0 = Release|Any CPU
		{8EC12E72-57C0-447D-95E5-BBE6AFA9EA4F}.SingleImage|Any CPU.ActiveCfg = Release|Any CPU
		{8EC12E72-57C0-447D-95E5-BBE6AFA9EA4F}.SingleImage|Any CPU.Build.0 = Release|Any CPU
		{8EC12E72-57C0-447D-95E5-BBE6AFA9EA4F}.SingleImage|ARM.ActiveCfg = Release|Any CPU
		{8EC12E72-57C0-447D-95E5-BBE6AFA9EA4F}.SingleImage|ARM.Build.0 = Release|Any CPU
		{8EC12E72-57C0-447D-95E5-BBE6AFA9EA4F}.SingleImage|ARM64.ActiveCfg = Release|Any CPU
		{8EC12E72-57C0-447D-95E5-BBE6AFA9EA4F}.SingleImage|ARM64.Build.0 = Release|Any CPU
		{8EC12E72-57C0-447D-95E5-BBE6AFA9EA4F}.SingleImage|x64.ActiveCfg = Release|Any CPU
		{8EC12E72-57C0-447D-95E5-BBE6AFA9EA4F}.SingleImage|x64.Build.0 = Release|Any CPU
		{8EC12E72-57C0-447D-95E5-BBE6AFA9EA4F}.SingleImage|x86.ActiveCfg = Release|Any CPU
		{8EC12E72-57C0-447D-95E5-BBE6AFA9EA4F}.SingleImage|x86.Build.0 = Release|Any CPU
		{6461FA13-A5E0-40DB-A2C5-BB5E4CD4DA2D}.CD_ROM|Any CPU.ActiveCfg = Release|Any CPU
		{6461FA13-A5E0-40DB-A2C5-BB5E4CD4DA2D}.CD_ROM|Any CPU.Build.0 = Release|Any CPU
		{6461FA13-A5E0-40DB-A2C5-BB5E4CD4DA2D}.CD_ROM|ARM.ActiveCfg = Release|Any CPU
		{6461FA13-A5E0-40DB-A2C5-BB5E4CD4DA2D}.CD_ROM|ARM.Build.0 = Release|Any CPU
		{6461FA13-A5E0-40DB-A2C5-BB5E4CD4DA2D}.CD_ROM|ARM64.ActiveCfg = Release|Any CPU
		{6461FA13-A5E0-40DB-A2C5-BB5E4CD4DA2D}.CD_ROM|ARM64.Build.0 = Release|Any CPU
		{6461FA13-A5E0-40DB-A2C5-BB5E4CD4DA2D}.CD_ROM|x64.ActiveCfg = Release|Any CPU
		{6461FA13-A5E0-40DB-A2C5-BB5E4CD4DA2D}.CD_ROM|x64.Build.0 = Release|Any CPU
		{6461FA13-A5E0-40DB-A2C5-BB5E4CD4DA2D}.CD_ROM|x86.ActiveCfg = Release|Any CPU
		{6461FA13-A5E0-40DB-A2C5-BB5E4CD4DA2D}.CD_ROM|x86.Build.0 = Release|Any CPU
		{6461FA13-A5E0-40DB-A2C5-BB5E4CD4DA2D}.Debug|Any CPU.ActiveCfg = Debug|Any CPU
		{6461FA13-A5E0-40DB-A2C5-BB5E4CD4DA2D}.Debug|Any CPU.Build.0 = Debug|Any CPU
		{6461FA13-A5E0-40DB-A2C5-BB5E4CD4DA2D}.Debug|ARM.ActiveCfg = Debug|Any CPU
		{6461FA13-A5E0-40DB-A2C5-BB5E4CD4DA2D}.Debug|ARM.Build.0 = Debug|Any CPU
		{6461FA13-A5E0-40DB-A2C5-BB5E4CD4DA2D}.Debug|ARM64.ActiveCfg = Debug|Any CPU
		{6461FA13-A5E0-40DB-A2C5-BB5E4CD4DA2D}.Debug|ARM64.Build.0 = Debug|Any CPU
		{6461FA13-A5E0-40DB-A2C5-BB5E4CD4DA2D}.Debug|x64.ActiveCfg = Debug|Any CPU
		{6461FA13-A5E0-40DB-A2C5-BB5E4CD4DA2D}.Debug|x64.Build.0 = Debug|Any CPU
		{6461FA13-A5E0-40DB-A2C5-BB5E4CD4DA2D}.Debug|x86.ActiveCfg = Debug|Any CPU
		{6461FA13-A5E0-40DB-A2C5-BB5E4CD4DA2D}.Debug|x86.Build.0 = Debug|Any CPU
		{6461FA13-A5E0-40DB-A2C5-BB5E4CD4DA2D}.DVD-5|Any CPU.ActiveCfg = Debug|Any CPU
		{6461FA13-A5E0-40DB-A2C5-BB5E4CD4DA2D}.DVD-5|Any CPU.Build.0 = Debug|Any CPU
		{6461FA13-A5E0-40DB-A2C5-BB5E4CD4DA2D}.DVD-5|ARM.ActiveCfg = Debug|Any CPU
		{6461FA13-A5E0-40DB-A2C5-BB5E4CD4DA2D}.DVD-5|ARM.Build.0 = Debug|Any CPU
		{6461FA13-A5E0-40DB-A2C5-BB5E4CD4DA2D}.DVD-5|ARM64.ActiveCfg = Debug|Any CPU
		{6461FA13-A5E0-40DB-A2C5-BB5E4CD4DA2D}.DVD-5|ARM64.Build.0 = Debug|Any CPU
		{6461FA13-A5E0-40DB-A2C5-BB5E4CD4DA2D}.DVD-5|x64.ActiveCfg = Debug|Any CPU
		{6461FA13-A5E0-40DB-A2C5-BB5E4CD4DA2D}.DVD-5|x64.Build.0 = Debug|Any CPU
		{6461FA13-A5E0-40DB-A2C5-BB5E4CD4DA2D}.DVD-5|x86.ActiveCfg = Debug|Any CPU
		{6461FA13-A5E0-40DB-A2C5-BB5E4CD4DA2D}.DVD-5|x86.Build.0 = Debug|Any CPU
		{6461FA13-A5E0-40DB-A2C5-BB5E4CD4DA2D}.Release|Any CPU.ActiveCfg = Release|Any CPU
		{6461FA13-A5E0-40DB-A2C5-BB5E4CD4DA2D}.Release|Any CPU.Build.0 = Release|Any CPU
		{6461FA13-A5E0-40DB-A2C5-BB5E4CD4DA2D}.Release|ARM.ActiveCfg = Release|Any CPU
		{6461FA13-A5E0-40DB-A2C5-BB5E4CD4DA2D}.Release|ARM.Build.0 = Release|Any CPU
		{6461FA13-A5E0-40DB-A2C5-BB5E4CD4DA2D}.Release|ARM64.ActiveCfg = Release|Any CPU
		{6461FA13-A5E0-40DB-A2C5-BB5E4CD4DA2D}.Release|ARM64.Build.0 = Release|Any CPU
		{6461FA13-A5E0-40DB-A2C5-BB5E4CD4DA2D}.Release|x64.ActiveCfg = Release|Any CPU
		{6461FA13-A5E0-40DB-A2C5-BB5E4CD4DA2D}.Release|x64.Build.0 = Release|Any CPU
		{6461FA13-A5E0-40DB-A2C5-BB5E4CD4DA2D}.Release|x86.ActiveCfg = Release|Any CPU
		{6461FA13-A5E0-40DB-A2C5-BB5E4CD4DA2D}.Release|x86.Build.0 = Release|Any CPU
		{6461FA13-A5E0-40DB-A2C5-BB5E4CD4DA2D}.SingleImage|Any CPU.ActiveCfg = Release|Any CPU
		{6461FA13-A5E0-40DB-A2C5-BB5E4CD4DA2D}.SingleImage|Any CPU.Build.0 = Release|Any CPU
		{6461FA13-A5E0-40DB-A2C5-BB5E4CD4DA2D}.SingleImage|ARM.ActiveCfg = Release|Any CPU
		{6461FA13-A5E0-40DB-A2C5-BB5E4CD4DA2D}.SingleImage|ARM.Build.0 = Release|Any CPU
		{6461FA13-A5E0-40DB-A2C5-BB5E4CD4DA2D}.SingleImage|ARM64.ActiveCfg = Release|Any CPU
		{6461FA13-A5E0-40DB-A2C5-BB5E4CD4DA2D}.SingleImage|ARM64.Build.0 = Release|Any CPU
		{6461FA13-A5E0-40DB-A2C5-BB5E4CD4DA2D}.SingleImage|x64.ActiveCfg = Release|Any CPU
		{6461FA13-A5E0-40DB-A2C5-BB5E4CD4DA2D}.SingleImage|x64.Build.0 = Release|Any CPU
		{6461FA13-A5E0-40DB-A2C5-BB5E4CD4DA2D}.SingleImage|x86.ActiveCfg = Release|Any CPU
		{6461FA13-A5E0-40DB-A2C5-BB5E4CD4DA2D}.SingleImage|x86.Build.0 = Release|Any CPU
		{43A8CC55-556B-463C-8EE6-CEAC2A0B6B91}.CD_ROM|Any CPU.ActiveCfg = Release|Any CPU
		{43A8CC55-556B-463C-8EE6-CEAC2A0B6B91}.CD_ROM|Any CPU.Build.0 = Release|Any CPU
		{43A8CC55-556B-463C-8EE6-CEAC2A0B6B91}.CD_ROM|ARM.ActiveCfg = Release|Any CPU
		{43A8CC55-556B-463C-8EE6-CEAC2A0B6B91}.CD_ROM|ARM.Build.0 = Release|Any CPU
		{43A8CC55-556B-463C-8EE6-CEAC2A0B6B91}.CD_ROM|ARM64.ActiveCfg = Release|Any CPU
		{43A8CC55-556B-463C-8EE6-CEAC2A0B6B91}.CD_ROM|ARM64.Build.0 = Release|Any CPU
		{43A8CC55-556B-463C-8EE6-CEAC2A0B6B91}.CD_ROM|x64.ActiveCfg = Release|Any CPU
		{43A8CC55-556B-463C-8EE6-CEAC2A0B6B91}.CD_ROM|x64.Build.0 = Release|Any CPU
		{43A8CC55-556B-463C-8EE6-CEAC2A0B6B91}.CD_ROM|x86.ActiveCfg = Release|Any CPU
		{43A8CC55-556B-463C-8EE6-CEAC2A0B6B91}.CD_ROM|x86.Build.0 = Release|Any CPU
		{43A8CC55-556B-463C-8EE6-CEAC2A0B6B91}.Debug|Any CPU.ActiveCfg = Debug|Any CPU
		{43A8CC55-556B-463C-8EE6-CEAC2A0B6B91}.Debug|Any CPU.Build.0 = Debug|Any CPU
		{43A8CC55-556B-463C-8EE6-CEAC2A0B6B91}.Debug|ARM.ActiveCfg = Debug|Any CPU
		{43A8CC55-556B-463C-8EE6-CEAC2A0B6B91}.Debug|ARM.Build.0 = Debug|Any CPU
		{43A8CC55-556B-463C-8EE6-CEAC2A0B6B91}.Debug|ARM64.ActiveCfg = Debug|Any CPU
		{43A8CC55-556B-463C-8EE6-CEAC2A0B6B91}.Debug|ARM64.Build.0 = Debug|Any CPU
		{43A8CC55-556B-463C-8EE6-CEAC2A0B6B91}.Debug|x64.ActiveCfg = Debug|Any CPU
		{43A8CC55-556B-463C-8EE6-CEAC2A0B6B91}.Debug|x64.Build.0 = Debug|Any CPU
		{43A8CC55-556B-463C-8EE6-CEAC2A0B6B91}.Debug|x86.ActiveCfg = Debug|Any CPU
		{43A8CC55-556B-463C-8EE6-CEAC2A0B6B91}.Debug|x86.Build.0 = Debug|Any CPU
		{43A8CC55-556B-463C-8EE6-CEAC2A0B6B91}.DVD-5|Any CPU.ActiveCfg = Debug|Any CPU
		{43A8CC55-556B-463C-8EE6-CEAC2A0B6B91}.DVD-5|Any CPU.Build.0 = Debug|Any CPU
		{43A8CC55-556B-463C-8EE6-CEAC2A0B6B91}.DVD-5|ARM.ActiveCfg = Debug|Any CPU
		{43A8CC55-556B-463C-8EE6-CEAC2A0B6B91}.DVD-5|ARM.Build.0 = Debug|Any CPU
		{43A8CC55-556B-463C-8EE6-CEAC2A0B6B91}.DVD-5|ARM64.ActiveCfg = Debug|Any CPU
		{43A8CC55-556B-463C-8EE6-CEAC2A0B6B91}.DVD-5|ARM64.Build.0 = Debug|Any CPU
		{43A8CC55-556B-463C-8EE6-CEAC2A0B6B91}.DVD-5|x64.ActiveCfg = Debug|Any CPU
		{43A8CC55-556B-463C-8EE6-CEAC2A0B6B91}.DVD-5|x64.Build.0 = Debug|Any CPU
		{43A8CC55-556B-463C-8EE6-CEAC2A0B6B91}.DVD-5|x86.ActiveCfg = Debug|Any CPU
		{43A8CC55-556B-463C-8EE6-CEAC2A0B6B91}.DVD-5|x86.Build.0 = Debug|Any CPU
		{43A8CC55-556B-463C-8EE6-CEAC2A0B6B91}.Release|Any CPU.ActiveCfg = Release|Any CPU
		{43A8CC55-556B-463C-8EE6-CEAC2A0B6B91}.Release|Any CPU.Build.0 = Release|Any CPU
		{43A8CC55-556B-463C-8EE6-CEAC2A0B6B91}.Release|ARM.ActiveCfg = Release|Any CPU
		{43A8CC55-556B-463C-8EE6-CEAC2A0B6B91}.Release|ARM.Build.0 = Release|Any CPU
		{43A8CC55-556B-463C-8EE6-CEAC2A0B6B91}.Release|ARM64.ActiveCfg = Release|Any CPU
		{43A8CC55-556B-463C-8EE6-CEAC2A0B6B91}.Release|ARM64.Build.0 = Release|Any CPU
		{43A8CC55-556B-463C-8EE6-CEAC2A0B6B91}.Release|x64.ActiveCfg = Release|Any CPU
		{43A8CC55-556B-463C-8EE6-CEAC2A0B6B91}.Release|x64.Build.0 = Release|Any CPU
		{43A8CC55-556B-463C-8EE6-CEAC2A0B6B91}.Release|x86.ActiveCfg = Release|Any CPU
		{43A8CC55-556B-463C-8EE6-CEAC2A0B6B91}.Release|x86.Build.0 = Release|Any CPU
		{43A8CC55-556B-463C-8EE6-CEAC2A0B6B91}.SingleImage|Any CPU.ActiveCfg = Release|Any CPU
		{43A8CC55-556B-463C-8EE6-CEAC2A0B6B91}.SingleImage|Any CPU.Build.0 = Release|Any CPU
		{43A8CC55-556B-463C-8EE6-CEAC2A0B6B91}.SingleImage|ARM.ActiveCfg = Release|Any CPU
		{43A8CC55-556B-463C-8EE6-CEAC2A0B6B91}.SingleImage|ARM.Build.0 = Release|Any CPU
		{43A8CC55-556B-463C-8EE6-CEAC2A0B6B91}.SingleImage|ARM64.ActiveCfg = Release|Any CPU
		{43A8CC55-556B-463C-8EE6-CEAC2A0B6B91}.SingleImage|ARM64.Build.0 = Release|Any CPU
		{43A8CC55-556B-463C-8EE6-CEAC2A0B6B91}.SingleImage|x64.ActiveCfg = Release|Any CPU
		{43A8CC55-556B-463C-8EE6-CEAC2A0B6B91}.SingleImage|x64.Build.0 = Release|Any CPU
		{43A8CC55-556B-463C-8EE6-CEAC2A0B6B91}.SingleImage|x86.ActiveCfg = Release|Any CPU
		{43A8CC55-556B-463C-8EE6-CEAC2A0B6B91}.SingleImage|x86.Build.0 = Release|Any CPU
		{563F3277-4F97-4493-9FAD-69AB1940DE67}.CD_ROM|Any CPU.ActiveCfg = Release|Any CPU
		{563F3277-4F97-4493-9FAD-69AB1940DE67}.CD_ROM|Any CPU.Build.0 = Release|Any CPU
		{563F3277-4F97-4493-9FAD-69AB1940DE67}.CD_ROM|ARM.ActiveCfg = Release|Any CPU
		{563F3277-4F97-4493-9FAD-69AB1940DE67}.CD_ROM|ARM.Build.0 = Release|Any CPU
		{563F3277-4F97-4493-9FAD-69AB1940DE67}.CD_ROM|ARM64.ActiveCfg = Release|Any CPU
		{563F3277-4F97-4493-9FAD-69AB1940DE67}.CD_ROM|ARM64.Build.0 = Release|Any CPU
		{563F3277-4F97-4493-9FAD-69AB1940DE67}.CD_ROM|x64.ActiveCfg = Release|Any CPU
		{563F3277-4F97-4493-9FAD-69AB1940DE67}.CD_ROM|x64.Build.0 = Release|Any CPU
		{563F3277-4F97-4493-9FAD-69AB1940DE67}.CD_ROM|x86.ActiveCfg = Release|Any CPU
		{563F3277-4F97-4493-9FAD-69AB1940DE67}.CD_ROM|x86.Build.0 = Release|Any CPU
		{563F3277-4F97-4493-9FAD-69AB1940DE67}.Debug|Any CPU.ActiveCfg = Debug|Any CPU
		{563F3277-4F97-4493-9FAD-69AB1940DE67}.Debug|Any CPU.Build.0 = Debug|Any CPU
		{563F3277-4F97-4493-9FAD-69AB1940DE67}.Debug|ARM.ActiveCfg = Debug|Any CPU
		{563F3277-4F97-4493-9FAD-69AB1940DE67}.Debug|ARM.Build.0 = Debug|Any CPU
		{563F3277-4F97-4493-9FAD-69AB1940DE67}.Debug|ARM64.ActiveCfg = Debug|Any CPU
		{563F3277-4F97-4493-9FAD-69AB1940DE67}.Debug|ARM64.Build.0 = Debug|Any CPU
		{563F3277-4F97-4493-9FAD-69AB1940DE67}.Debug|x64.ActiveCfg = Debug|Any CPU
		{563F3277-4F97-4493-9FAD-69AB1940DE67}.Debug|x64.Build.0 = Debug|Any CPU
		{563F3277-4F97-4493-9FAD-69AB1940DE67}.Debug|x86.ActiveCfg = Debug|Any CPU
		{563F3277-4F97-4493-9FAD-69AB1940DE67}.Debug|x86.Build.0 = Debug|Any CPU
		{563F3277-4F97-4493-9FAD-69AB1940DE67}.DVD-5|Any CPU.ActiveCfg = Debug|Any CPU
		{563F3277-4F97-4493-9FAD-69AB1940DE67}.DVD-5|Any CPU.Build.0 = Debug|Any CPU
		{563F3277-4F97-4493-9FAD-69AB1940DE67}.DVD-5|ARM.ActiveCfg = Debug|Any CPU
		{563F3277-4F97-4493-9FAD-69AB1940DE67}.DVD-5|ARM.Build.0 = Debug|Any CPU
		{563F3277-4F97-4493-9FAD-69AB1940DE67}.DVD-5|ARM64.ActiveCfg = Debug|Any CPU
		{563F3277-4F97-4493-9FAD-69AB1940DE67}.DVD-5|ARM64.Build.0 = Debug|Any CPU
		{563F3277-4F97-4493-9FAD-69AB1940DE67}.DVD-5|x64.ActiveCfg = Debug|Any CPU
		{563F3277-4F97-4493-9FAD-69AB1940DE67}.DVD-5|x64.Build.0 = Debug|Any CPU
		{563F3277-4F97-4493-9FAD-69AB1940DE67}.DVD-5|x86.ActiveCfg = Debug|Any CPU
		{563F3277-4F97-4493-9FAD-69AB1940DE67}.DVD-5|x86.Build.0 = Debug|Any CPU
		{563F3277-4F97-4493-9FAD-69AB1940DE67}.Release|Any CPU.ActiveCfg = Release|Any CPU
		{563F3277-4F97-4493-9FAD-69AB1940DE67}.Release|Any CPU.Build.0 = Release|Any CPU
		{563F3277-4F97-4493-9FAD-69AB1940DE67}.Release|ARM.ActiveCfg = Release|Any CPU
		{563F3277-4F97-4493-9FAD-69AB1940DE67}.Release|ARM.Build.0 = Release|Any CPU
		{563F3277-4F97-4493-9FAD-69AB1940DE67}.Release|ARM64.ActiveCfg = Release|Any CPU
		{563F3277-4F97-4493-9FAD-69AB1940DE67}.Release|ARM64.Build.0 = Release|Any CPU
		{563F3277-4F97-4493-9FAD-69AB1940DE67}.Release|x64.ActiveCfg = Release|Any CPU
		{563F3277-4F97-4493-9FAD-69AB1940DE67}.Release|x64.Build.0 = Release|Any CPU
		{563F3277-4F97-4493-9FAD-69AB1940DE67}.Release|x86.ActiveCfg = Release|Any CPU
		{563F3277-4F97-4493-9FAD-69AB1940DE67}.Release|x86.Build.0 = Release|Any CPU
		{563F3277-4F97-4493-9FAD-69AB1940DE67}.SingleImage|Any CPU.ActiveCfg = Release|Any CPU
		{563F3277-4F97-4493-9FAD-69AB1940DE67}.SingleImage|Any CPU.Build.0 = Release|Any CPU
		{563F3277-4F97-4493-9FAD-69AB1940DE67}.SingleImage|ARM.ActiveCfg = Release|Any CPU
		{563F3277-4F97-4493-9FAD-69AB1940DE67}.SingleImage|ARM.Build.0 = Release|Any CPU
		{563F3277-4F97-4493-9FAD-69AB1940DE67}.SingleImage|ARM64.ActiveCfg = Release|Any CPU
		{563F3277-4F97-4493-9FAD-69AB1940DE67}.SingleImage|ARM64.Build.0 = Release|Any CPU
		{563F3277-4F97-4493-9FAD-69AB1940DE67}.SingleImage|x64.ActiveCfg = Release|Any CPU
		{563F3277-4F97-4493-9FAD-69AB1940DE67}.SingleImage|x64.Build.0 = Release|Any CPU
		{563F3277-4F97-4493-9FAD-69AB1940DE67}.SingleImage|x86.ActiveCfg = Release|Any CPU
		{563F3277-4F97-4493-9FAD-69AB1940DE67}.SingleImage|x86.Build.0 = Release|Any CPU
		{37AC02FD-43E4-41B8-8638-21D78C0A82D8}.CD_ROM|Any CPU.ActiveCfg = Release|Any CPU
		{37AC02FD-43E4-41B8-8638-21D78C0A82D8}.CD_ROM|Any CPU.Build.0 = Release|Any CPU
		{37AC02FD-43E4-41B8-8638-21D78C0A82D8}.CD_ROM|ARM.ActiveCfg = Release|Any CPU
		{37AC02FD-43E4-41B8-8638-21D78C0A82D8}.CD_ROM|ARM.Build.0 = Release|Any CPU
		{37AC02FD-43E4-41B8-8638-21D78C0A82D8}.CD_ROM|ARM64.ActiveCfg = Release|Any CPU
		{37AC02FD-43E4-41B8-8638-21D78C0A82D8}.CD_ROM|ARM64.Build.0 = Release|Any CPU
		{37AC02FD-43E4-41B8-8638-21D78C0A82D8}.CD_ROM|x64.ActiveCfg = Release|Any CPU
		{37AC02FD-43E4-41B8-8638-21D78C0A82D8}.CD_ROM|x64.Build.0 = Release|Any CPU
		{37AC02FD-43E4-41B8-8638-21D78C0A82D8}.CD_ROM|x86.ActiveCfg = Release|Any CPU
		{37AC02FD-43E4-41B8-8638-21D78C0A82D8}.CD_ROM|x86.Build.0 = Release|Any CPU
		{37AC02FD-43E4-41B8-8638-21D78C0A82D8}.Debug|Any CPU.ActiveCfg = Debug|Any CPU
		{37AC02FD-43E4-41B8-8638-21D78C0A82D8}.Debug|Any CPU.Build.0 = Debug|Any CPU
		{37AC02FD-43E4-41B8-8638-21D78C0A82D8}.Debug|ARM.ActiveCfg = Debug|Any CPU
		{37AC02FD-43E4-41B8-8638-21D78C0A82D8}.Debug|ARM.Build.0 = Debug|Any CPU
		{37AC02FD-43E4-41B8-8638-21D78C0A82D8}.Debug|ARM64.ActiveCfg = Debug|Any CPU
		{37AC02FD-43E4-41B8-8638-21D78C0A82D8}.Debug|ARM64.Build.0 = Debug|Any CPU
		{37AC02FD-43E4-41B8-8638-21D78C0A82D8}.Debug|x64.ActiveCfg = Debug|Any CPU
		{37AC02FD-43E4-41B8-8638-21D78C0A82D8}.Debug|x64.Build.0 = Debug|Any CPU
		{37AC02FD-43E4-41B8-8638-21D78C0A82D8}.Debug|x86.ActiveCfg = Debug|Any CPU
		{37AC02FD-43E4-41B8-8638-21D78C0A82D8}.Debug|x86.Build.0 = Debug|Any CPU
		{37AC02FD-43E4-41B8-8638-21D78C0A82D8}.DVD-5|Any CPU.ActiveCfg = Debug|Any CPU
		{37AC02FD-43E4-41B8-8638-21D78C0A82D8}.DVD-5|Any CPU.Build.0 = Debug|Any CPU
		{37AC02FD-43E4-41B8-8638-21D78C0A82D8}.DVD-5|ARM.ActiveCfg = Debug|Any CPU
		{37AC02FD-43E4-41B8-8638-21D78C0A82D8}.DVD-5|ARM.Build.0 = Debug|Any CPU
		{37AC02FD-43E4-41B8-8638-21D78C0A82D8}.DVD-5|ARM64.ActiveCfg = Debug|Any CPU
		{37AC02FD-43E4-41B8-8638-21D78C0A82D8}.DVD-5|ARM64.Build.0 = Debug|Any CPU
		{37AC02FD-43E4-41B8-8638-21D78C0A82D8}.DVD-5|x64.ActiveCfg = Debug|Any CPU
		{37AC02FD-43E4-41B8-8638-21D78C0A82D8}.DVD-5|x64.Build.0 = Debug|Any CPU
		{37AC02FD-43E4-41B8-8638-21D78C0A82D8}.DVD-5|x86.ActiveCfg = Debug|Any CPU
		{37AC02FD-43E4-41B8-8638-21D78C0A82D8}.DVD-5|x86.Build.0 = Debug|Any CPU
		{37AC02FD-43E4-41B8-8638-21D78C0A82D8}.Release|Any CPU.ActiveCfg = Release|Any CPU
		{37AC02FD-43E4-41B8-8638-21D78C0A82D8}.Release|Any CPU.Build.0 = Release|Any CPU
		{37AC02FD-43E4-41B8-8638-21D78C0A82D8}.Release|ARM.ActiveCfg = Release|Any CPU
		{37AC02FD-43E4-41B8-8638-21D78C0A82D8}.Release|ARM.Build.0 = Release|Any CPU
		{37AC02FD-43E4-41B8-8638-21D78C0A82D8}.Release|ARM64.ActiveCfg = Release|Any CPU
		{37AC02FD-43E4-41B8-8638-21D78C0A82D8}.Release|ARM64.Build.0 = Release|Any CPU
		{37AC02FD-43E4-41B8-8638-21D78C0A82D8}.Release|x64.ActiveCfg = Release|Any CPU
		{37AC02FD-43E4-41B8-8638-21D78C0A82D8}.Release|x64.Build.0 = Release|Any CPU
		{37AC02FD-43E4-41B8-8638-21D78C0A82D8}.Release|x86.ActiveCfg = Release|Any CPU
		{37AC02FD-43E4-41B8-8638-21D78C0A82D8}.Release|x86.Build.0 = Release|Any CPU
		{37AC02FD-43E4-41B8-8638-21D78C0A82D8}.SingleImage|Any CPU.ActiveCfg = Release|Any CPU
		{37AC02FD-43E4-41B8-8638-21D78C0A82D8}.SingleImage|Any CPU.Build.0 = Release|Any CPU
		{37AC02FD-43E4-41B8-8638-21D78C0A82D8}.SingleImage|ARM.ActiveCfg = Release|Any CPU
		{37AC02FD-43E4-41B8-8638-21D78C0A82D8}.SingleImage|ARM.Build.0 = Release|Any CPU
		{37AC02FD-43E4-41B8-8638-21D78C0A82D8}.SingleImage|ARM64.ActiveCfg = Release|Any CPU
		{37AC02FD-43E4-41B8-8638-21D78C0A82D8}.SingleImage|ARM64.Build.0 = Release|Any CPU
		{37AC02FD-43E4-41B8-8638-21D78C0A82D8}.SingleImage|x64.ActiveCfg = Release|Any CPU
		{37AC02FD-43E4-41B8-8638-21D78C0A82D8}.SingleImage|x64.Build.0 = Release|Any CPU
		{37AC02FD-43E4-41B8-8638-21D78C0A82D8}.SingleImage|x86.ActiveCfg = Release|Any CPU
		{37AC02FD-43E4-41B8-8638-21D78C0A82D8}.SingleImage|x86.Build.0 = Release|Any CPU
		{A0824EE8-AD38-4F64-9F47-050E5464D190}.CD_ROM|Any CPU.ActiveCfg = Release|Any CPU
		{A0824EE8-AD38-4F64-9F47-050E5464D190}.CD_ROM|Any CPU.Build.0 = Release|Any CPU
		{A0824EE8-AD38-4F64-9F47-050E5464D190}.CD_ROM|ARM.ActiveCfg = Debug|Any CPU
		{A0824EE8-AD38-4F64-9F47-050E5464D190}.CD_ROM|ARM.Build.0 = Debug|Any CPU
		{A0824EE8-AD38-4F64-9F47-050E5464D190}.CD_ROM|ARM64.ActiveCfg = Debug|Any CPU
		{A0824EE8-AD38-4F64-9F47-050E5464D190}.CD_ROM|ARM64.Build.0 = Debug|Any CPU
		{A0824EE8-AD38-4F64-9F47-050E5464D190}.CD_ROM|x64.ActiveCfg = Debug|Any CPU
		{A0824EE8-AD38-4F64-9F47-050E5464D190}.CD_ROM|x64.Build.0 = Debug|Any CPU
		{A0824EE8-AD38-4F64-9F47-050E5464D190}.CD_ROM|x86.ActiveCfg = Debug|Any CPU
		{A0824EE8-AD38-4F64-9F47-050E5464D190}.CD_ROM|x86.Build.0 = Debug|Any CPU
		{A0824EE8-AD38-4F64-9F47-050E5464D190}.Debug|Any CPU.ActiveCfg = Debug|Any CPU
		{A0824EE8-AD38-4F64-9F47-050E5464D190}.Debug|Any CPU.Build.0 = Debug|Any CPU
		{A0824EE8-AD38-4F64-9F47-050E5464D190}.Debug|ARM.ActiveCfg = Debug|Any CPU
		{A0824EE8-AD38-4F64-9F47-050E5464D190}.Debug|ARM.Build.0 = Debug|Any CPU
		{A0824EE8-AD38-4F64-9F47-050E5464D190}.Debug|ARM64.ActiveCfg = Debug|Any CPU
		{A0824EE8-AD38-4F64-9F47-050E5464D190}.Debug|ARM64.Build.0 = Debug|Any CPU
		{A0824EE8-AD38-4F64-9F47-050E5464D190}.Debug|x64.ActiveCfg = Debug|Any CPU
		{A0824EE8-AD38-4F64-9F47-050E5464D190}.Debug|x64.Build.0 = Debug|Any CPU
		{A0824EE8-AD38-4F64-9F47-050E5464D190}.Debug|x86.ActiveCfg = Debug|Any CPU
		{A0824EE8-AD38-4F64-9F47-050E5464D190}.Debug|x86.Build.0 = Debug|Any CPU
		{A0824EE8-AD38-4F64-9F47-050E5464D190}.DVD-5|Any CPU.ActiveCfg = Debug|Any CPU
		{A0824EE8-AD38-4F64-9F47-050E5464D190}.DVD-5|Any CPU.Build.0 = Debug|Any CPU
		{A0824EE8-AD38-4F64-9F47-050E5464D190}.DVD-5|ARM.ActiveCfg = Debug|Any CPU
		{A0824EE8-AD38-4F64-9F47-050E5464D190}.DVD-5|ARM.Build.0 = Debug|Any CPU
		{A0824EE8-AD38-4F64-9F47-050E5464D190}.DVD-5|ARM64.ActiveCfg = Debug|Any CPU
		{A0824EE8-AD38-4F64-9F47-050E5464D190}.DVD-5|ARM64.Build.0 = Debug|Any CPU
		{A0824EE8-AD38-4F64-9F47-050E5464D190}.DVD-5|x64.ActiveCfg = Debug|Any CPU
		{A0824EE8-AD38-4F64-9F47-050E5464D190}.DVD-5|x64.Build.0 = Debug|Any CPU
		{A0824EE8-AD38-4F64-9F47-050E5464D190}.DVD-5|x86.ActiveCfg = Debug|Any CPU
		{A0824EE8-AD38-4F64-9F47-050E5464D190}.DVD-5|x86.Build.0 = Debug|Any CPU
		{A0824EE8-AD38-4F64-9F47-050E5464D190}.Release|Any CPU.ActiveCfg = Release|Any CPU
		{A0824EE8-AD38-4F64-9F47-050E5464D190}.Release|Any CPU.Build.0 = Release|Any CPU
		{A0824EE8-AD38-4F64-9F47-050E5464D190}.Release|ARM.ActiveCfg = Release|Any CPU
		{A0824EE8-AD38-4F64-9F47-050E5464D190}.Release|ARM.Build.0 = Release|Any CPU
		{A0824EE8-AD38-4F64-9F47-050E5464D190}.Release|ARM64.ActiveCfg = Release|Any CPU
		{A0824EE8-AD38-4F64-9F47-050E5464D190}.Release|ARM64.Build.0 = Release|Any CPU
		{A0824EE8-AD38-4F64-9F47-050E5464D190}.Release|x64.ActiveCfg = Release|Any CPU
		{A0824EE8-AD38-4F64-9F47-050E5464D190}.Release|x64.Build.0 = Release|Any CPU
		{A0824EE8-AD38-4F64-9F47-050E5464D190}.Release|x86.ActiveCfg = Release|Any CPU
		{A0824EE8-AD38-4F64-9F47-050E5464D190}.Release|x86.Build.0 = Release|Any CPU
		{A0824EE8-AD38-4F64-9F47-050E5464D190}.SingleImage|Any CPU.ActiveCfg = Release|Any CPU
		{A0824EE8-AD38-4F64-9F47-050E5464D190}.SingleImage|Any CPU.Build.0 = Release|Any CPU
		{A0824EE8-AD38-4F64-9F47-050E5464D190}.SingleImage|ARM.ActiveCfg = Debug|Any CPU
		{A0824EE8-AD38-4F64-9F47-050E5464D190}.SingleImage|ARM.Build.0 = Debug|Any CPU
		{A0824EE8-AD38-4F64-9F47-050E5464D190}.SingleImage|ARM64.ActiveCfg = Debug|Any CPU
		{A0824EE8-AD38-4F64-9F47-050E5464D190}.SingleImage|ARM64.Build.0 = Debug|Any CPU
		{A0824EE8-AD38-4F64-9F47-050E5464D190}.SingleImage|x64.ActiveCfg = Debug|Any CPU
		{A0824EE8-AD38-4F64-9F47-050E5464D190}.SingleImage|x64.Build.0 = Debug|Any CPU
		{A0824EE8-AD38-4F64-9F47-050E5464D190}.SingleImage|x86.ActiveCfg = Debug|Any CPU
		{A0824EE8-AD38-4F64-9F47-050E5464D190}.SingleImage|x86.Build.0 = Debug|Any CPU
	EndGlobalSection
	GlobalSection(SolutionProperties) = preSolution
		HideSolutionNode = FALSE
	EndGlobalSection
	GlobalSection(ExtensibilityGlobals) = postSolution
		SolutionGuid = {901C6607-F970-4857-891D-CBE756CE8CAF}
	EndGlobalSection
EndGlobal
