
Microsoft Visual Studio Solution File, Format Version 12.00
# Visual Studio Version 16
VisualStudioVersion = 16.0.30320.27
MinimumVisualStudioVersion = 10.0.40219.1
Project("{FAE04EC0-301F-11D3-BF4B-00C04F79EFBC}") = "RXQuestServer", "RXQuestServer\RXQuestServer.csproj", "{1492CAB4-375D-4534-9FE9-807C4D318E2D}"
EndProject
Project("{FAE04EC0-301F-11D3-BF4B-00C04F79EFBC}") = "PLCConnectionCenter", "PLCConnectionCenter\PLCConnectionCenter.csproj", "{7A3AE3A3-03E3-4090-A9CB-E9F7F7961D82}"
EndProject
Project("{FAE04EC0-301F-11D3-BF4B-00C04F79EFBC}") = "OcrCenter", "OcrCenter\OcrCenter.csproj", "{ED1B3AD1-9387-4C6E-85F1-581991DA347A}"
EndProject
Project("{FAE04EC0-301F-11D3-BF4B-00C04F79EFBC}") = "ProgrameSetup", "ProgrameSetup\ProgrameSetup.csproj", "{36E2BF07-A1FC-4752-88B5-61D11EA3C8B0}"
EndProject
Project("{FAE04EC0-301F-11D3-BF4B-00C04F79EFBC}") = "ExtensionPack", "ExtensionPack\ExtensionPack.csproj", "{4DB3FC29-ED89-49B6-B603-5D6D0275C93F}"
EndProject
Project("{FAE04EC0-301F-11D3-BF4B-00C04F79EFBC}") = "PDPSQuickServer", "PDPSQuickServer\PDPSQuickServer.csproj", "{941643D4-363C-4D60-9AAD-7B2418A71724}"
EndProject
Global
	GlobalSection(SolutionConfigurationPlatforms) = preSolution
		CD_ROM|Any CPU = CD_ROM|Any CPU
		Debug|Any CPU = Debug|Any CPU
		DVD-5|Any CPU = DVD-5|Any CPU
		Release|Any CPU = Release|Any CPU
		SingleImage|Any CPU = SingleImage|Any CPU
	EndGlobalSection
	GlobalSection(ProjectConfigurationPlatforms) = postSolution
		{1492CAB4-375D-4534-9FE9-807C4D318E2D}.CD_ROM|Any CPU.ActiveCfg = Release|Any CPU
		{1492CAB4-375D-4534-9FE9-807C4D318E2D}.CD_ROM|Any CPU.Build.0 = Release|Any CPU
		{1492CAB4-375D-4534-9FE9-807C4D318E2D}.Debug|Any CPU.ActiveCfg = Debug|Any CPU
		{1492CAB4-375D-4534-9FE9-807C4D318E2D}.Debug|Any CPU.Build.0 = Debug|Any CPU
		{1492CAB4-375D-4534-9FE9-807C4D318E2D}.DVD-5|Any CPU.ActiveCfg = Debug|Any CPU
		{1492CAB4-375D-4534-9FE9-807C4D318E2D}.DVD-5|Any CPU.Build.0 = Debug|Any CPU
		{1492CAB4-375D-4534-9FE9-807C4D318E2D}.Release|Any CPU.ActiveCfg = Release|Any CPU
		{1492CAB4-375D-4534-9FE9-807C4D318E2D}.Release|Any CPU.Build.0 = Release|Any CPU
		{1492CAB4-375D-4534-9FE9-807C4D318E2D}.SingleImage|Any CPU.ActiveCfg = Release|Any CPU
		{1492CAB4-375D-4534-9FE9-807C4D318E2D}.SingleImage|Any CPU.Build.0 = Release|Any CPU
		{7A3AE3A3-03E3-4090-A9CB-E9F7F7961D82}.CD_ROM|Any CPU.ActiveCfg = Release|Any CPU
		{7A3AE3A3-03E3-4090-A9CB-E9F7F7961D82}.CD_ROM|Any CPU.Build.0 = Release|Any CPU
		{7A3AE3A3-03E3-4090-A9CB-E9F7F7961D82}.Debug|Any CPU.ActiveCfg = Debug|Any CPU
		{7A3AE3A3-03E3-4090-A9CB-E9F7F7961D82}.Debug|Any CPU.Build.0 = Debug|Any CPU
		{7A3AE3A3-03E3-4090-A9CB-E9F7F7961D82}.DVD-5|Any CPU.ActiveCfg = Debug|Any CPU
		{7A3AE3A3-03E3-4090-A9CB-E9F7F7961D82}.DVD-5|Any CPU.Build.0 = Debug|Any CPU
		{7A3AE3A3-03E3-4090-A9CB-E9F7F7961D82}.Release|Any CPU.ActiveCfg = Release|Any CPU
		{7A3AE3A3-03E3-4090-A9CB-E9F7F7961D82}.Release|Any CPU.Build.0 = Release|Any CPU
		{7A3AE3A3-03E3-4090-A9CB-E9F7F7961D82}.SingleImage|Any CPU.ActiveCfg = Release|Any CPU
		{7A3AE3A3-03E3-4090-A9CB-E9F7F7961D82}.SingleImage|Any CPU.Build.0 = Release|Any CPU
		{ED1B3AD1-9387-4C6E-85F1-581991DA347A}.CD_ROM|Any CPU.ActiveCfg = Release|Any CPU
		{ED1B3AD1-9387-4C6E-85F1-581991DA347A}.CD_ROM|Any CPU.Build.0 = Release|Any CPU
		{ED1B3AD1-9387-4C6E-85F1-581991DA347A}.Debug|Any CPU.ActiveCfg = Debug|Any CPU
		{ED1B3AD1-9387-4C6E-85F1-581991DA347A}.Debug|Any CPU.Build.0 = Debug|Any CPU
		{ED1B3AD1-9387-4C6E-85F1-581991DA347A}.DVD-5|Any CPU.ActiveCfg = Debug|Any CPU
		{ED1B3AD1-9387-4C6E-85F1-581991DA347A}.DVD-5|Any CPU.Build.0 = Debug|Any CPU
		{ED1B3AD1-9387-4C6E-85F1-581991DA347A}.Release|Any CPU.ActiveCfg = Release|Any CPU
		{ED1B3AD1-9387-4C6E-85F1-581991DA347A}.Release|Any CPU.Build.0 = Release|Any CPU
		{ED1B3AD1-9387-4C6E-85F1-581991DA347A}.SingleImage|Any CPU.ActiveCfg = Release|Any CPU
		{ED1B3AD1-9387-4C6E-85F1-581991DA347A}.SingleImage|Any CPU.Build.0 = Release|Any CPU
		{36E2BF07-A1FC-4752-88B5-61D11EA3C8B0}.CD_ROM|Any CPU.ActiveCfg = Release|Any CPU
		{36E2BF07-A1FC-4752-88B5-61D11EA3C8B0}.CD_ROM|Any CPU.Build.0 = Release|Any CPU
		{36E2BF07-A1FC-4752-88B5-61D11EA3C8B0}.Debug|Any CPU.ActiveCfg = Debug|Any CPU
		{36E2BF07-A1FC-4752-88B5-61D11EA3C8B0}.Debug|Any CPU.Build.0 = Debug|Any CPU
		{36E2BF07-A1FC-4752-88B5-61D11EA3C8B0}.DVD-5|Any CPU.ActiveCfg = Debug|Any CPU
		{36E2BF07-A1FC-4752-88B5-61D11EA3C8B0}.DVD-5|Any CPU.Build.0 = Debug|Any CPU
		{36E2BF07-A1FC-4752-88B5-61D11EA3C8B0}.Release|Any CPU.ActiveCfg = Release|Any CPU
		{36E2BF07-A1FC-4752-88B5-61D11EA3C8B0}.Release|Any CPU.Build.0 = Release|Any CPU
		{36E2BF07-A1FC-4752-88B5-61D11EA3C8B0}.SingleImage|Any CPU.ActiveCfg = Release|Any CPU
		{36E2BF07-A1FC-4752-88B5-61D11EA3C8B0}.SingleImage|Any CPU.Build.0 = Release|Any CPU
		{4DB3FC29-ED89-49B6-B603-5D6D0275C93F}.CD_ROM|Any CPU.ActiveCfg = Release|Any CPU
		{4DB3FC29-ED89-49B6-B603-5D6D0275C93F}.CD_ROM|Any CPU.Build.0 = Release|Any CPU
		{4DB3FC29-ED89-49B6-B603-5D6D0275C93F}.Debug|Any CPU.ActiveCfg = Debug|Any CPU
		{4DB3FC29-ED89-49B6-B603-5D6D0275C93F}.Debug|Any CPU.Build.0 = Debug|Any CPU
		{4DB3FC29-ED89-49B6-B603-5D6D0275C93F}.DVD-5|Any CPU.ActiveCfg = Debug|Any CPU
		{4DB3FC29-ED89-49B6-B603-5D6D0275C93F}.DVD-5|Any CPU.Build.0 = Debug|Any CPU
		{4DB3FC29-ED89-49B6-B603-5D6D0275C93F}.Release|Any CPU.ActiveCfg = Release|Any CPU
		{4DB3FC29-ED89-49B6-B603-5D6D0275C93F}.Release|Any CPU.Build.0 = Release|Any CPU
		{4DB3FC29-ED89-49B6-B603-5D6D0275C93F}.SingleImage|Any CPU.ActiveCfg = Release|Any CPU
		{4DB3FC29-ED89-49B6-B603-5D6D0275C93F}.SingleImage|Any CPU.Build.0 = Release|Any CPU
		{941643D4-363C-4D60-9AAD-7B2418A71724}.CD_ROM|Any CPU.ActiveCfg = Release|Any CPU
		{941643D4-363C-4D60-9AAD-7B2418A71724}.CD_ROM|Any CPU.Build.0 = Release|Any CPU
		{941643D4-363C-4D60-9AAD-7B2418A71724}.Debug|Any CPU.ActiveCfg = Debug|Any CPU
		{941643D4-363C-4D60-9AAD-7B2418A71724}.Debug|Any CPU.Build.0 = Debug|Any CPU
		{941643D4-363C-4D60-9AAD-7B2418A71724}.DVD-5|Any CPU.ActiveCfg = Debug|Any CPU
		{941643D4-363C-4D60-9AAD-7B2418A71724}.DVD-5|Any CPU.Build.0 = Debug|Any CPU
		{941643D4-363C-4D60-9AAD-7B2418A71724}.Release|Any CPU.ActiveCfg = Release|Any CPU
		{941643D4-363C-4D60-9AAD-7B2418A71724}.Release|Any CPU.Build.0 = Release|Any CPU
		{941643D4-363C-4D60-9AAD-7B2418A71724}.SingleImage|Any CPU.ActiveCfg = Release|Any CPU
		{941643D4-363C-4D60-9AAD-7B2418A71724}.SingleImage|Any CPU.Build.0 = Release|Any CPU
	EndGlobalSection
	GlobalSection(SolutionProperties) = preSolution
		HideSolutionNode = FALSE
	EndGlobalSection
	GlobalSection(ExtensibilityGlobals) = postSolution
		SolutionGuid = {479D3DBB-A559-406C-B921-087A1B6078F2}
	EndGlobalSection
EndGlobal
